{
  "version": 4,
  "terraform_version": "1.5.7",
  "serial": 59,
  "lineage": "d6af6b3f-7cc4-5036-31b0-d81e721d3f2d",
  "outputs": {
    "artifact_registry_repository": {
      "value": "e-skimming-labs-home",
      "type": "string"
    },
    "firestore_database": {
      "value": "(default)",
      "type": "string"
    },
    "github_secrets_instructions_home": {
      "value": "Add the following secrets to your GitHub repository for HOME PAGE deployment:\n    \n1. GCP_HOME_PROJECT_ID: labs-home-prd\n2. GCP_HOME_SA_KEY: [Use the service account key from terraform output]\n3. GAR_HOME_LOCATION: us-central1\n4. REPOSITORY_HOME: e-skimming-labs-home\n    \nTo get the service account key, run:\nterraform output -raw home_deploy_key\n",
      "type": "string"
    },
    "home_deploy_key": {
      "value": "{\n  \"type\": \"service_account\",\n  \"project_id\": \"labs-home-prd\",\n  \"private_key_id\": \"a08357b979d6423389f109e014ca0ce9fe173eaf\",\n  \"private_key\": \"-----BEGIN PRIVATE KEY-----\\nMIIEvgIBADANBgkqhkiG9w0BAQEFAASCBKgwggSkAgEAAoIBAQDRiKReuDww8tvD\\nrq5sG8Uw8MfQkajq9omxPYOzu79b+101iU/9He24QIsxu9zjGSt229osm2iA6Vhu\\nM4jLfhiVAofru0pBi03PQEQiB1nRqlvMa5FKbSnSiwAeZYCxCJ2NE05ljLHtFgcY\\nEtBnK0wqmo+Lz0FgCgZJv6FEc2R3VLK4BPKwmtAUTrIDNwvV/zODKnEIDqYaX/Fz\\n/x+PjR8KlWbdro+eoCCOPDBygfRnLbBnJzuAdswHPGFFH4Us9sW/urogR43dnQ5u\\nBV07DeE51V+8jp0kjGs9e65SWiLzhj9Wkzbzul7xmXB3NGHeti4guIlpRGein4ZV\\n6PIrTQTZAgMBAAECggEATWgwaPmg6uhdPa5Dq5aaw5jACJI3GA5aEctK41RBvmZf\\nKc7/aN/smTvm8EmZsZ/zyaYwtHf5JF6QF64cJCkCRdI4imKXbR1ccmsogHW8vdM0\\ntJEsjJVFdQ16zr/qyfwH0D1IogVXGeIgXslcijCZo8eTri+z1Bn/9rC/j/0dKWPK\\nu6W2skqRrf4CjCa2Uqy0VEyteMuYm8Q6RkmzogWOviQzBjMPYckVHhydE5+JJiso\\nz9P3EAoRuI5fdWZiK/fcCOqjIP7XWe0yEM2sI8T2uLKInwAiulOKaj27kTVWy3MT\\n5XGlzHzkcDBsWv1yEECzsFtjuZHRMr+t1e+ionYH7QKBgQDqY0ThHVl+wyUQtj7h\\nrWOrEhj7JpeH71lfTMcXXnj6Uhae7qOnobQU6hdjWEUxKocUjReGZyTIneE6buJ0\\nez4dhd5VAXUJWLuOmZoM/xiLfXYN3q85hptx691GBv1Hb3fEYfX9+HmcLo+K5b4A\\nWj0ZSvXaWqvhmccr8PKNDAF+YwKBgQDk2rF5Km9oov7tgO+4yzhk1FLRp85g3Pjo\\nxH4P/38ev+3d2U1bFZtTqs7bKbtf5mtCQBbjW9v7SMm98AIhxFzIPCisWUjgRQKI\\nG+Z0lPou3CIQHR3UaZEgQOZytcm+15nLuPkCpv6PQakGeB6OHty1HFFoJnHAkz7k\\nBpu64nJmkwKBgQCg3DQ/k1cCiod7qrgJRmhq1ebTJy9EGd5qa1UQEsRQd9oShZFH\\n0NC4sdgPVFtYXOmMDzEgCtXR4Zjb85Hzg0mkFWX7TR63pXBDc+OoG8MKqLZG2pfD\\nkUBJtSiNkOpvBm9aFikvfkJoEARvvTDjKQtZunp0u1nPYSyyWZD9gEneJQKBgQDd\\nBZEtUhxy1CicvE/JCwuV5bFupkAdMIx8UXjmfn0I95gFEF8zPrTaozZQWAeM4P5p\\n53ezcP4NvAiLFgcZEYoCIIevnDNT1ZJSXY++vDq7kwKayWQLx0DQA54M3yDO3W69\\nYBGtzBZByMozY0MvQwMpLwY4LhjiQdMVaoRwg061XQKBgDla0jWlWIuCGan/6d+2\\nqzJ8FPJVTJfkDwwINJmKcbNTJcm3hSBoFy1k69hDahmonbuDCj9LNtnHjBz2m2CO\\n9qztyayUCMzaAk+sPSib4mNgq0cSvMUihKlLf1obxkC8ZNPdEQorIGDnT7SJMQ0Z\\nE4S75OXW/s/XAv75MCUKm49S\\n-----END PRIVATE KEY-----\\n\",\n  \"client_email\": \"home-deploy-sa@labs-home-prd.iam.gserviceaccount.com\",\n  \"client_id\": \"106947933364575254307\",\n  \"auth_uri\": \"https://accounts.google.com/o/oauth2/auth\",\n  \"token_uri\": \"https://oauth2.googleapis.com/token\",\n  \"auth_provider_x509_cert_url\": \"https://www.googleapis.com/oauth2/v1/certs\",\n  \"client_x509_cert_url\": \"https://www.googleapis.com/robot/v1/metadata/x509/home-deploy-sa%40labs-home-prd.iam.gserviceaccount.com\",\n  \"universe_domain\": \"googleapis.com\"\n}\n",
      "type": "string",
      "sensitive": true
    },
    "home_deploy_service_account": {
      "value": "home-deploy-sa@labs-home-prd.iam.gserviceaccount.com",
      "type": "string"
    },
    "home_runtime_service_account": {
      "value": "home-runtime-sa@labs-home-prd.iam.gserviceaccount.com",
      "type": "string"
    },
    "home_seo_service_account": {
      "value": "home-seo-sa@labs-home-prd.iam.gserviceaccount.com",
      "type": "string"
    },
    "index_service_url": {
      "value": "Service not deployed yet",
      "type": "string"
    },
    "project_id": {
      "value": "labs-home-prd",
      "type": "string"
    },
    "region": {
      "value": "us-central1",
      "type": "string"
    },
    "seo_service_url": {
      "value": "Service not deployed yet",
      "type": "string"
    },
    "storage_bucket_assets": {
      "value": "labs-home-prd-home-assets",
      "type": "string"
    }
  },
  "resources": [
    {
      "mode": "managed",
      "type": "google_artifact_registry_repository",
      "name": "home_repo",
      "provider": "provider[\"registry.terraform.io/hashicorp/google\"]",
      "instances": [
        {
          "schema_version": 0,
          "attributes": {
            "cleanup_policies": [],
            "cleanup_policy_dry_run": false,
            "create_time": "2025-10-20T01:59:28.632476Z",
            "description": "E-Skimming Labs Home Page container images",
            "docker_config": [],
            "effective_labels": {},
            "format": "DOCKER",
            "id": "projects/labs-home-prd/locations/us-central1/repositories/e-skimming-labs-home",
            "kms_key_name": "",
            "labels": {},
            "location": "us-central1",
            "maven_config": [],
            "mode": "STANDARD_REPOSITORY",
            "name": "e-skimming-labs-home",
            "project": "labs-home-prd",
            "remote_repository_config": [],
            "repository_id": "e-skimming-labs-home",
            "terraform_labels": {},
            "timeouts": null,
            "update_time": "2025-10-20T01:59:28.632476Z",
            "virtual_repository_config": []
          },
          "sensitive_attributes": [],
          "private": "eyJlMmJmYjczMC1lY2FhLTExZTYtOGY4OC0zNDM2M2JjN2M0YzAiOnsiY3JlYXRlIjoxMjAwMDAwMDAwMDAwLCJkZWxldGUiOjEyMDAwMDAwMDAwMDAsInVwZGF0ZSI6MTIwMDAwMDAwMDAwMH19",
          "dependencies": [
            "google_project_service.required_apis"
          ]
        }
      ]
    },
    {
      "mode": "managed",
      "type": "google_firestore_database",
      "name": "home_db",
      "provider": "provider[\"registry.terraform.io/hashicorp/google\"]",
      "instances": [
        {
          "schema_version": 0,
          "attributes": {
            "app_engine_integration_mode": "DISABLED",
            "cmek_config": [],
            "concurrency_mode": "PESSIMISTIC",
            "create_time": "",
            "delete_protection_state": "DELETE_PROTECTION_DISABLED",
            "deletion_policy": "ABANDON",
            "earliest_version_time": "2025-10-20T01:59:19.885619Z",
            "etag": "IKWcmKzbsZADMLOe5PPWsZAD",
            "id": "projects/labs-home-prd/databases/(default)",
            "key_prefix": "",
            "location_id": "us-central1",
            "name": "(default)",
            "point_in_time_recovery_enablement": "POINT_IN_TIME_RECOVERY_DISABLED",
            "project": "labs-home-prd",
            "timeouts": null,
            "type": "FIRESTORE_NATIVE",
            "uid": "00da863f-3bbd-4342-a235-7b7abbf0b07c",
            "update_time": "",
            "version_retention_period": "3600s"
          },
          "sensitive_attributes": [],
          "private": "eyJlMmJmYjczMC1lY2FhLTExZTYtOGY4OC0zNDM2M2JjN2M0YzAiOnsiY3JlYXRlIjoxMjAwMDAwMDAwMDAwLCJkZWxldGUiOjEyMDAwMDAwMDAwMDAsInVwZGF0ZSI6MTIwMDAwMDAwMDAwMH19",
          "dependencies": [
            "google_project_service.required_apis"
          ]
        }
      ]
    },
    {
      "mode": "managed",
      "type": "google_project_iam_member",
      "name": "home_deploy_roles",
      "provider": "provider[\"registry.terraform.io/hashicorp/google\"]",
      "instances": [
        {
          "index_key": "roles/artifactregistry.admin",
          "schema_version": 0,
          "attributes": {
            "condition": [],
            "etag": "BwZBjZL0LXM=",
            "id": "labs-home-prd/roles/artifactregistry.admin/serviceAccount:home-deploy-sa@labs-home-prd.iam.gserviceaccount.com",
            "member": "serviceAccount:home-deploy-sa@labs-home-prd.iam.gserviceaccount.com",
            "project": "labs-home-prd",
            "role": "roles/artifactregistry.admin"
          },
          "sensitive_attributes": [],
          "private": "bnVsbA==",
          "dependencies": [
            "google_service_account.home_deploy"
          ]
        },
        {
          "index_key": "roles/datastore.owner",
          "schema_version": 0,
          "attributes": {
            "condition": [],
            "etag": "BwZBjZL0LXM=",
            "id": "labs-home-prd/roles/datastore.owner/serviceAccount:home-deploy-sa@labs-home-prd.iam.gserviceaccount.com",
            "member": "serviceAccount:home-deploy-sa@labs-home-prd.iam.gserviceaccount.com",
            "project": "labs-home-prd",
            "role": "roles/datastore.owner"
          },
          "sensitive_attributes": [],
          "private": "bnVsbA==",
          "dependencies": [
            "google_service_account.home_deploy"
          ]
        },
        {
          "index_key": "roles/iam.serviceAccountUser",
          "schema_version": 0,
          "attributes": {
            "condition": [],
            "etag": "BwZBjZL0LXM=",
            "id": "labs-home-prd/roles/iam.serviceAccountUser/serviceAccount:home-deploy-sa@labs-home-prd.iam.gserviceaccount.com",
            "member": "serviceAccount:home-deploy-sa@labs-home-prd.iam.gserviceaccount.com",
            "project": "labs-home-prd",
            "role": "roles/iam.serviceAccountUser"
          },
          "sensitive_attributes": [],
          "private": "bnVsbA==",
          "dependencies": [
            "google_service_account.home_deploy"
          ]
        },
        {
          "index_key": "roles/run.admin",
          "schema_version": 0,
          "attributes": {
            "condition": [],
            "etag": "BwZBjZL0LXM=",
            "id": "labs-home-prd/roles/run.admin/serviceAccount:home-deploy-sa@labs-home-prd.iam.gserviceaccount.com",
            "member": "serviceAccount:home-deploy-sa@labs-home-prd.iam.gserviceaccount.com",
            "project": "labs-home-prd",
            "role": "roles/run.admin"
          },
          "sensitive_attributes": [],
          "private": "bnVsbA==",
          "dependencies": [
            "google_service_account.home_deploy"
          ]
        },
        {
          "index_key": "roles/storage.admin",
          "schema_version": 0,
          "attributes": {
            "condition": [],
            "etag": "BwZBjZL0LXM=",
            "id": "labs-home-prd/roles/storage.admin/serviceAccount:home-deploy-sa@labs-home-prd.iam.gserviceaccount.com",
            "member": "serviceAccount:home-deploy-sa@labs-home-prd.iam.gserviceaccount.com",
            "project": "labs-home-prd",
            "role": "roles/storage.admin"
          },
          "sensitive_attributes": [],
          "private": "bnVsbA==",
          "dependencies": [
            "google_service_account.home_deploy"
          ]
        }
      ]
    },
    {
      "mode": "managed",
      "type": "google_project_iam_member",
      "name": "home_runtime_roles",
      "provider": "provider[\"registry.terraform.io/hashicorp/google\"]",
      "instances": [
        {
          "index_key": "roles/datastore.user",
          "schema_version": 0,
          "attributes": {
            "condition": [],
            "etag": "BwZBjZL0LXM=",
            "id": "labs-home-prd/roles/datastore.user/serviceAccount:home-runtime-sa@labs-home-prd.iam.gserviceaccount.com",
            "member": "serviceAccount:home-runtime-sa@labs-home-prd.iam.gserviceaccount.com",
            "project": "labs-home-prd",
            "role": "roles/datastore.user"
          },
          "sensitive_attributes": [],
          "private": "bnVsbA==",
          "dependencies": [
            "google_service_account.home_runtime"
          ]
        },
        {
          "index_key": "roles/logging.logWriter",
          "schema_version": 0,
          "attributes": {
            "condition": [],
            "etag": "BwZBjZL0LXM=",
            "id": "labs-home-prd/roles/logging.logWriter/serviceAccount:home-runtime-sa@labs-home-prd.iam.gserviceaccount.com",
            "member": "serviceAccount:home-runtime-sa@labs-home-prd.iam.gserviceaccount.com",
            "project": "labs-home-prd",
            "role": "roles/logging.logWriter"
          },
          "sensitive_attributes": [],
          "private": "bnVsbA==",
          "dependencies": [
            "google_service_account.home_runtime"
          ]
        },
        {
          "index_key": "roles/monitoring.metricWriter",
          "schema_version": 0,
          "attributes": {
            "condition": [],
            "etag": "BwZBjZL0LXM=",
            "id": "labs-home-prd/roles/monitoring.metricWriter/serviceAccount:home-runtime-sa@labs-home-prd.iam.gserviceaccount.com",
            "member": "serviceAccount:home-runtime-sa@labs-home-prd.iam.gserviceaccount.com",
            "project": "labs-home-prd",
            "role": "roles/monitoring.metricWriter"
          },
          "sensitive_attributes": [],
          "private": "bnVsbA==",
          "dependencies": [
            "google_service_account.home_runtime"
          ]
        },
        {
          "index_key": "roles/run.invoker",
          "schema_version": 0,
          "attributes": {
            "condition": [],
            "etag": "BwZBjZL0LXM=",
            "id": "labs-home-prd/roles/run.invoker/serviceAccount:home-runtime-sa@labs-home-prd.iam.gserviceaccount.com",
            "member": "serviceAccount:home-runtime-sa@labs-home-prd.iam.gserviceaccount.com",
            "project": "labs-home-prd",
            "role": "roles/run.invoker"
          },
          "sensitive_attributes": [],
          "private": "bnVsbA==",
          "dependencies": [
            "google_service_account.home_runtime"
          ]
        },
        {
          "index_key": "roles/storage.objectCreator",
          "schema_version": 0,
          "attributes": {
            "condition": [],
            "etag": "BwZBjZL0LXM=",
            "id": "labs-home-prd/roles/storage.objectCreator/serviceAccount:home-runtime-sa@labs-home-prd.iam.gserviceaccount.com",
            "member": "serviceAccount:home-runtime-sa@labs-home-prd.iam.gserviceaccount.com",
            "project": "labs-home-prd",
            "role": "roles/storage.objectCreator"
          },
          "sensitive_attributes": [],
          "private": "bnVsbA==",
          "dependencies": [
            "google_service_account.home_runtime"
          ]
        },
        {
          "index_key": "roles/storage.objectViewer",
          "schema_version": 0,
          "attributes": {
            "condition": [],
            "etag": "BwZBjZL0LXM=",
            "id": "labs-home-prd/roles/storage.objectViewer/serviceAccount:home-runtime-sa@labs-home-prd.iam.gserviceaccount.com",
            "member": "serviceAccount:home-runtime-sa@labs-home-prd.iam.gserviceaccount.com",
            "project": "labs-home-prd",
            "role": "roles/storage.objectViewer"
          },
          "sensitive_attributes": [],
          "private": "bnVsbA==",
          "dependencies": [
            "google_service_account.home_runtime"
          ]
        }
      ]
    },
    {
      "mode": "managed",
      "type": "google_project_iam_member",
      "name": "home_seo_roles",
      "provider": "provider[\"registry.terraform.io/hashicorp/google\"]",
      "instances": [
        {
          "index_key": "roles/datastore.user",
          "schema_version": 0,
          "attributes": {
            "condition": [],
            "etag": "BwZBjZL0LXM=",
            "id": "labs-home-prd/roles/datastore.user/serviceAccount:home-seo-sa@labs-home-prd.iam.gserviceaccount.com",
            "member": "serviceAccount:home-seo-sa@labs-home-prd.iam.gserviceaccount.com",
            "project": "labs-home-prd",
            "role": "roles/datastore.user"
          },
          "sensitive_attributes": [],
          "private": "bnVsbA==",
          "dependencies": [
            "google_service_account.home_seo"
          ]
        },
        {
          "index_key": "roles/logging.logWriter",
          "schema_version": 0,
          "attributes": {
            "condition": [],
            "etag": "BwZBjZL0LXM=",
            "id": "labs-home-prd/roles/logging.logWriter/serviceAccount:home-seo-sa@labs-home-prd.iam.gserviceaccount.com",
            "member": "serviceAccount:home-seo-sa@labs-home-prd.iam.gserviceaccount.com",
            "project": "labs-home-prd",
            "role": "roles/logging.logWriter"
          },
          "sensitive_attributes": [],
          "private": "bnVsbA==",
          "dependencies": [
            "google_service_account.home_seo"
          ]
        },
        {
          "index_key": "roles/storage.objectViewer",
          "schema_version": 0,
          "attributes": {
            "condition": [],
            "etag": "BwZBjZL0LXM=",
            "id": "labs-home-prd/roles/storage.objectViewer/serviceAccount:home-seo-sa@labs-home-prd.iam.gserviceaccount.com",
            "member": "serviceAccount:home-seo-sa@labs-home-prd.iam.gserviceaccount.com",
            "project": "labs-home-prd",
            "role": "roles/storage.objectViewer"
          },
          "sensitive_attributes": [],
          "private": "bnVsbA==",
          "dependencies": [
            "google_service_account.home_seo"
          ]
        }
      ]
    },
    {
      "mode": "managed",
      "type": "google_project_service",
      "name": "required_apis",
      "provider": "provider[\"registry.terraform.io/hashicorp/google\"]",
      "instances": [
        {
          "index_key": "artifactregistry.googleapis.com",
          "schema_version": 0,
          "attributes": {
            "disable_dependent_services": null,
            "disable_on_destroy": false,
            "id": "labs-home-prd/artifactregistry.googleapis.com",
            "project": "labs-home-prd",
            "service": "artifactregistry.googleapis.com",
            "timeouts": null
          },
          "sensitive_attributes": [],
          "private": "eyJlMmJmYjczMC1lY2FhLTExZTYtOGY4OC0zNDM2M2JjN2M0YzAiOnsiY3JlYXRlIjoxMjAwMDAwMDAwMDAwLCJkZWxldGUiOjEyMDAwMDAwMDAwMDAsInJlYWQiOjYwMDAwMDAwMDAwMCwidXBkYXRlIjoxMjAwMDAwMDAwMDAwfX0="
        },
        {
          "index_key": "cloudresourcemanager.googleapis.com",
          "schema_version": 0,
          "attributes": {
            "disable_dependent_services": null,
            "disable_on_destroy": false,
            "id": "labs-home-prd/cloudresourcemanager.googleapis.com",
            "project": "labs-home-prd",
            "service": "cloudresourcemanager.googleapis.com",
            "timeouts": null
          },
          "sensitive_attributes": [],
          "private": "eyJlMmJmYjczMC1lY2FhLTExZTYtOGY4OC0zNDM2M2JjN2M0YzAiOnsiY3JlYXRlIjoxMjAwMDAwMDAwMDAwLCJkZWxldGUiOjEyMDAwMDAwMDAwMDAsInJlYWQiOjYwMDAwMDAwMDAwMCwidXBkYXRlIjoxMjAwMDAwMDAwMDAwfX0="
        },
        {
          "index_key": "firestore.googleapis.com",
          "schema_version": 0,
          "attributes": {
            "disable_dependent_services": null,
            "disable_on_destroy": false,
            "id": "labs-home-prd/firestore.googleapis.com",
            "project": "labs-home-prd",
            "service": "firestore.googleapis.com",
            "timeouts": null
          },
          "sensitive_attributes": [],
          "private": "eyJlMmJmYjczMC1lY2FhLTExZTYtOGY4OC0zNDM2M2JjN2M0YzAiOnsiY3JlYXRlIjoxMjAwMDAwMDAwMDAwLCJkZWxldGUiOjEyMDAwMDAwMDAwMDAsInJlYWQiOjYwMDAwMDAwMDAwMCwidXBkYXRlIjoxMjAwMDAwMDAwMDAwfX0="
        },
        {
          "index_key": "iam.googleapis.com",
          "schema_version": 0,
          "attributes": {
            "disable_dependent_services": null,
            "disable_on_destroy": false,
            "id": "labs-home-prd/iam.googleapis.com",
            "project": "labs-home-prd",
            "service": "iam.googleapis.com",
            "timeouts": null
          },
          "sensitive_attributes": [],
          "private": "eyJlMmJmYjczMC1lY2FhLTExZTYtOGY4OC0zNDM2M2JjN2M0YzAiOnsiY3JlYXRlIjoxMjAwMDAwMDAwMDAwLCJkZWxldGUiOjEyMDAwMDAwMDAwMDAsInJlYWQiOjYwMDAwMDAwMDAwMCwidXBkYXRlIjoxMjAwMDAwMDAwMDAwfX0="
        },
        {
          "index_key": "logging.googleapis.com",
          "schema_version": 0,
          "attributes": {
            "disable_dependent_services": null,
            "disable_on_destroy": false,
            "id": "labs-home-prd/logging.googleapis.com",
            "project": "labs-home-prd",
            "service": "logging.googleapis.com",
            "timeouts": null
          },
          "sensitive_attributes": [],
          "private": "eyJlMmJmYjczMC1lY2FhLTExZTYtOGY4OC0zNDM2M2JjN2M0YzAiOnsiY3JlYXRlIjoxMjAwMDAwMDAwMDAwLCJkZWxldGUiOjEyMDAwMDAwMDAwMDAsInJlYWQiOjYwMDAwMDAwMDAwMCwidXBkYXRlIjoxMjAwMDAwMDAwMDAwfX0="
        },
        {
          "index_key": "monitoring.googleapis.com",
          "schema_version": 0,
          "attributes": {
            "disable_dependent_services": null,
            "disable_on_destroy": false,
            "id": "labs-home-prd/monitoring.googleapis.com",
            "project": "labs-home-prd",
            "service": "monitoring.googleapis.com",
            "timeouts": null
          },
          "sensitive_attributes": [],
          "private": "eyJlMmJmYjczMC1lY2FhLTExZTYtOGY4OC0zNDM2M2JjN2M0YzAiOnsiY3JlYXRlIjoxMjAwMDAwMDAwMDAwLCJkZWxldGUiOjEyMDAwMDAwMDAwMDAsInJlYWQiOjYwMDAwMDAwMDAwMCwidXBkYXRlIjoxMjAwMDAwMDAwMDAwfX0="
        },
        {
          "index_key": "run.googleapis.com",
          "schema_version": 0,
          "attributes": {
            "disable_dependent_services": null,
            "disable_on_destroy": false,
            "id": "labs-home-prd/run.googleapis.com",
            "project": "labs-home-prd",
            "service": "run.googleapis.com",
            "timeouts": null
          },
          "sensitive_attributes": [],
          "private": "eyJlMmJmYjczMC1lY2FhLTExZTYtOGY4OC0zNDM2M2JjN2M0YzAiOnsiY3JlYXRlIjoxMjAwMDAwMDAwMDAwLCJkZWxldGUiOjEyMDAwMDAwMDAwMDAsInJlYWQiOjYwMDAwMDAwMDAwMCwidXBkYXRlIjoxMjAwMDAwMDAwMDAwfX0="
        },
        {
          "index_key": "servicenetworking.googleapis.com",
          "schema_version": 0,
          "attributes": {
            "disable_dependent_services": null,
            "disable_on_destroy": false,
            "id": "labs-home-prd/servicenetworking.googleapis.com",
            "project": "labs-home-prd",
            "service": "servicenetworking.googleapis.com",
            "timeouts": null
          },
          "sensitive_attributes": [],
          "private": "eyJlMmJmYjczMC1lY2FhLTExZTYtOGY4OC0zNDM2M2JjN2M0YzAiOnsiY3JlYXRlIjoxMjAwMDAwMDAwMDAwLCJkZWxldGUiOjEyMDAwMDAwMDAwMDAsInJlYWQiOjYwMDAwMDAwMDAwMCwidXBkYXRlIjoxMjAwMDAwMDAwMDAwfX0="
        },
        {
          "index_key": "storage.googleapis.com",
          "schema_version": 0,
          "attributes": {
            "disable_dependent_services": null,
            "disable_on_destroy": false,
            "id": "labs-home-prd/storage.googleapis.com",
            "project": "labs-home-prd",
            "service": "storage.googleapis.com",
            "timeouts": null
          },
          "sensitive_attributes": [],
          "private": "eyJlMmJmYjczMC1lY2FhLTExZTYtOGY4OC0zNDM2M2JjN2M0YzAiOnsiY3JlYXRlIjoxMjAwMDAwMDAwMDAwLCJkZWxldGUiOjEyMDAwMDAwMDAwMDAsInJlYWQiOjYwMDAwMDAwMDAwMCwidXBkYXRlIjoxMjAwMDAwMDAwMDAwfX0="
        }
      ]
    },
    {
      "mode": "managed",
      "type": "google_service_account",
      "name": "home_deploy",
      "provider": "provider[\"registry.terraform.io/hashicorp/google\"]",
      "instances": [
        {
          "schema_version": 0,
          "attributes": {
            "account_id": "home-deploy-sa",
            "create_ignore_already_exists": null,
            "description": "Service account for GitHub Actions home page deployment",
            "disabled": false,
            "display_name": "E-Skimming Labs Home Deploy Service Account",
            "email": "home-deploy-sa@labs-home-prd.iam.gserviceaccount.com",
            "id": "projects/labs-home-prd/serviceAccounts/home-deploy-sa@labs-home-prd.iam.gserviceaccount.com",
            "member": "serviceAccount:home-deploy-sa@labs-home-prd.iam.gserviceaccount.com",
            "name": "projects/labs-home-prd/serviceAccounts/home-deploy-sa@labs-home-prd.iam.gserviceaccount.com",
            "project": "labs-home-prd",
            "timeouts": null,
            "unique_id": "106947933364575254307"
          },
          "sensitive_attributes": [],
          "private": "eyJlMmJmYjczMC1lY2FhLTExZTYtOGY4OC0zNDM2M2JjN2M0YzAiOnsiY3JlYXRlIjozMDAwMDAwMDAwMDB9fQ=="
        }
      ]
    },
    {
      "mode": "managed",
      "type": "google_service_account",
      "name": "home_runtime",
      "provider": "provider[\"registry.terraform.io/hashicorp/google\"]",
      "instances": [
        {
          "schema_version": 0,
          "attributes": {
            "account_id": "home-runtime-sa",
            "create_ignore_already_exists": null,
            "description": "Service account for running Cloud Run home page services",
            "disabled": false,
            "display_name": "E-Skimming Labs Home Runtime Service Account",
            "email": "home-runtime-sa@labs-home-prd.iam.gserviceaccount.com",
            "id": "projects/labs-home-prd/serviceAccounts/home-runtime-sa@labs-home-prd.iam.gserviceaccount.com",
            "member": "serviceAccount:home-runtime-sa@labs-home-prd.iam.gserviceaccount.com",
            "name": "projects/labs-home-prd/serviceAccounts/home-runtime-sa@labs-home-prd.iam.gserviceaccount.com",
            "project": "labs-home-prd",
            "timeouts": null,
            "unique_id": "102524014877499175456"
          },
          "sensitive_attributes": [],
          "private": "eyJlMmJmYjczMC1lY2FhLTExZTYtOGY4OC0zNDM2M2JjN2M0YzAiOnsiY3JlYXRlIjozMDAwMDAwMDAwMDB9fQ=="
        }
      ]
    },
    {
      "mode": "managed",
      "type": "google_service_account",
      "name": "home_seo",
      "provider": "provider[\"registry.terraform.io/hashicorp/google\"]",
      "instances": [
        {
          "schema_version": 0,
          "attributes": {
            "account_id": "home-seo-sa",
            "create_ignore_already_exists": null,
            "description": "Service account for SEO integration service",
            "disabled": false,
            "display_name": "E-Skimming Labs Home SEO Service Account",
            "email": "home-seo-sa@labs-home-prd.iam.gserviceaccount.com",
            "id": "projects/labs-home-prd/serviceAccounts/home-seo-sa@labs-home-prd.iam.gserviceaccount.com",
            "member": "serviceAccount:home-seo-sa@labs-home-prd.iam.gserviceaccount.com",
            "name": "projects/labs-home-prd/serviceAccounts/home-seo-sa@labs-home-prd.iam.gserviceaccount.com",
            "project": "labs-home-prd",
            "timeouts": null,
            "unique_id": "114206812404682235899"
          },
          "sensitive_attributes": [],
          "private": "eyJlMmJmYjczMC1lY2FhLTExZTYtOGY4OC0zNDM2M2JjN2M0YzAiOnsiY3JlYXRlIjozMDAwMDAwMDAwMDB9fQ=="
        }
      ]
    },
    {
      "mode": "managed",
      "type": "google_service_account_key",
      "name": "home_deploy_key",
      "provider": "provider[\"registry.terraform.io/hashicorp/google\"]",
      "instances": [
        {
          "schema_version": 0,
          "attributes": {
            "id": "projects/labs-home-prd/serviceAccounts/home-deploy-sa@labs-home-prd.iam.gserviceaccount.com/keys/a08357b979d6423389f109e014ca0ce9fe173eaf",
            "keepers": null,
            "key_algorithm": "KEY_ALG_RSA_2048",
            "name": "projects/labs-home-prd/serviceAccounts/home-deploy-sa@labs-home-prd.iam.gserviceaccount.com/keys/a08357b979d6423389f109e014ca0ce9fe173eaf",
            "private_key": "ewogICJ0eXBlIjogInNlcnZpY2VfYWNjb3VudCIsCiAgInByb2plY3RfaWQiOiAibGFicy1ob21lLXByZCIsCiAgInByaXZhdGVfa2V5X2lkIjogImEwODM1N2I5NzlkNjQyMzM4OWYxMDllMDE0Y2EwY2U5ZmUxNzNlYWYiLAogICJwcml2YXRlX2tleSI6ICItLS0tLUJFR0lOIFBSSVZBVEUgS0VZLS0tLS1cbk1JSUV2Z0lCQURBTkJna3Foa2lHOXcwQkFRRUZBQVNDQktnd2dnU2tBZ0VBQW9JQkFRRFJpS1JldUR3dzh0dkRcbnJxNXNHOFV3OE1mUWthanE5b214UFlPenU3OWIrMTAxaVUvOUhlMjRRSXN4dTl6akdTdDIyOW9zbTJpQTZWaHVcbk00akxmaGlWQW9mcnUwcEJpMDNQUUVRaUIxblJxbHZNYTVGS2JTblNpd0FlWllDeENKMk5FMDVsakxIdEZnY1lcbkV0Qm5LMHdxbW8rTHowRmdDZ1pKdjZGRWMyUjNWTEs0QlBLd210QVVUcklETnd2Vi96T0RLbkVJRHFZYVgvRnpcbi94K1BqUjhLbFdiZHJvK2VvQ0NPUERCeWdmUm5MYkJuSnp1QWRzd0hQR0ZGSDRVczlzVy91cm9nUjQzZG5RNXVcbkJWMDdEZUU1MVYrOGpwMGtqR3M5ZTY1U1dpTHpoajlXa3pienVsN3htWEIzTkdIZXRpNGd1SWxwUkdlaW40WlZcbjZQSXJUUVRaQWdNQkFBRUNnZ0VBVFdnd2FQbWc2dWhkUGE1RHE1YWF3NWpBQ0pJM0dBNWFFY3RLNDFSQnZtWmZcbktjNy9hTi9zbVR2bThFbVpzWi96eWFZd3RIZjVKRjZRRjY0Y0pDa0NSZEk0aW1LWGJSMWNjbXNvZ0hXOHZkTTBcbnRKRXNqSlZGZFExNnpyL3F5ZndIMEQxSW9nVlhHZUlnWHNsY2lqQ1pvOGVUcmkrejFCbi85ckMvai8wZEtXUEtcbnU2VzJza3FScmY0Q2pDYTJVcXkwVkV5dGVNdVltOFE2Umttem9nV092aVF6QmpNUFlja1ZIaHlkRTUrSkppc29cbno5UDNFQW9SdUk1ZmRXWmlLL2ZjQ09xaklQN1hXZTB5RU0yc0k4VDJ1TEtJbndBaXVsT0thajI3a1RWV3kzTVRcbjVYR2x6SHprY0RCc1d2MXlFRUN6c0Z0anVaSFJNcit0MWUraW9uWUg3UUtCZ1FEcVkwVGhIVmwrd3lVUXRqN2hcbnJXT3JFaGo3SnBlSDcxbGZUTWNYWG5qNlVoYWU3cU9ub2JRVTZoZGpXRVV4S29jVWpSZUdaeVRJbmVFNmJ1SjBcbmV6NGRoZDVWQVhVSldMdU9tWm9NL3hpTGZYWU4zcTg1aHB0eDY5MUdCdjFIYjNmRVlmWDkrSG1jTG8rSzViNEFcbldqMFpTdlhhV3F2aG1jY3I4UEtOREFGK1l3S0JnUURrMnJGNUttOW9vdjd0Z08rNHl6aGsxRkxScDg1ZzNQam9cbnhINFAvMzhldiszZDJVMWJGWnRUcXM3YktidGY1bXRDUUJialc5djdTTW05OEFJaHhGeklQQ2lzV1VqZ1JRS0lcbkcrWjBsUG91M0NJUUhSM1VhWkVnUU9aeXRjbSsxNW5MdVBrQ3B2NlBRYWtHZUI2T0h0eTFIRkZvSm5IQWt6N2tcbkJwdTY0bkpta3dLQmdRQ2czRFEvazFjQ2lvZDdxcmdKUm1ocTFlYlRKeTlFR2Q1cWExVVFFc1JRZDlvU2haRkhcbjBOQzRzZGdQVkZ0WVhPbU1EekVnQ3RYUjRaamI4NUh6ZzBta0ZXWDdUUjYzcFhCRGMrT29HOE1LcUxaRzJwZkRcbmtVQkp0U2lOa09wdkJtOWFGaWt2ZmtKb0VBUnZ2VERqS1F0WnVucDB1MW5QWVN5eVdaRDlnRW5lSlFLQmdRRGRcbkJaRXRVaHh5MUNpY3ZFL0pDd3VWNWJGdXBrQWRNSXg4VVhqbWZuMEk5NWdGRUY4elByVGFvelpRV0FlTTRQNXBcbjUzZXpjUDROdkFpTEZnY1pFWW9DSUlldm5ETlQxWkpTWFkrK3ZEcTdrd0theVdRTHgwRFFBNTRNM3lETzNXNjlcbllCR3R6QlpCeU1velkwTXZRd01wTHdZNExoamlRZE1WYW9Sd2cwNjFYUUtCZ0RsYTBqV2xXSXVDR2FuLzZkKzJcbnF6SjhGUEpWVEpma0R3d0lOSm1LY2JOVEpjbTNoU0JvRnkxazY5aERhaG1vbmJ1RENqOUxOdG5IakJ6Mm0yQ09cbjlxenR5YXlVQ016YUFrK3NQU2liNG1OZ3EwY1N2TVVpaEtsTGYxb2J4a0M4Wk5QZEVRb3JJR0RuVDdTSk1RMFpcbkU0Uzc1T1hXL3MvWEF2NzVNQ1VLbTQ5U1xuLS0tLS1FTkQgUFJJVkFURSBLRVktLS0tLVxuIiwKICAiY2xpZW50X2VtYWlsIjogImhvbWUtZGVwbG95LXNhQGxhYnMtaG9tZS1wcmQuaWFtLmdzZXJ2aWNlYWNjb3VudC5jb20iLAogICJjbGllbnRfaWQiOiAiMTA2OTQ3OTMzMzY0NTc1MjU0MzA3IiwKICAiYXV0aF91cmkiOiAiaHR0cHM6Ly9hY2NvdW50cy5nb29nbGUuY29tL28vb2F1dGgyL2F1dGgiLAogICJ0b2tlbl91cmkiOiAiaHR0cHM6Ly9vYXV0aDIuZ29vZ2xlYXBpcy5jb20vdG9rZW4iLAogICJhdXRoX3Byb3ZpZGVyX3g1MDlfY2VydF91cmwiOiAiaHR0cHM6Ly93d3cuZ29vZ2xlYXBpcy5jb20vb2F1dGgyL3YxL2NlcnRzIiwKICAiY2xpZW50X3g1MDlfY2VydF91cmwiOiAiaHR0cHM6Ly93d3cuZ29vZ2xlYXBpcy5jb20vcm9ib3QvdjEvbWV0YWRhdGEveDUwOS9ob21lLWRlcGxveS1zYSU0MGxhYnMtaG9tZS1wcmQuaWFtLmdzZXJ2aWNlYWNjb3VudC5jb20iLAogICJ1bml2ZXJzZV9kb21haW4iOiAiZ29vZ2xlYXBpcy5jb20iCn0K",
            "private_key_type": "TYPE_GOOGLE_CREDENTIALS_FILE",
            "public_key": "LS0tLS1CRUdJTiBDRVJUSUZJQ0FURS0tLS0tCk1JSUMvRENDQWVTZ0F3SUJBZ0lJVUFtNWNjWmo4ZnN3RFFZSktvWklodmNOQVFFRkJRQXdJREVlTUJ3R0ExVUUKQXd3Vk1UQTJPVFEzT1RNek16WTBOVGMxTWpVME16QTNNQ0FYRFRJMU1UQXlNREF4TlRrek1Gb1lEems1T1RreApNak14TWpNMU9UVTVXakFnTVI0d0hBWURWUVFEREJVeE1EWTVORGM1TXpNek5qUTFOelV5TlRRek1EY3dnZ0VpCk1BMEdDU3FHU0liM0RRRUJBUVVBQTRJQkR3QXdnZ0VLQW9JQkFRRFJpS1JldUR3dzh0dkRycTVzRzhVdzhNZlEKa2FqcTlvbXhQWU96dTc5YisxMDFpVS85SGUyNFFJc3h1OXpqR1N0MjI5b3NtMmlBNlZodU00akxmaGlWQW9mcgp1MHBCaTAzUFFFUWlCMW5ScWx2TWE1RktiU25TaXdBZVpZQ3hDSjJORTA1bGpMSHRGZ2NZRXRCbkswd3FtbytMCnowRmdDZ1pKdjZGRWMyUjNWTEs0QlBLd210QVVUcklETnd2Vi96T0RLbkVJRHFZYVgvRnoveCtQalI4S2xXYmQKcm8rZW9DQ09QREJ5Z2ZSbkxiQm5KenVBZHN3SFBHRkZINFVzOXNXL3Vyb2dSNDNkblE1dUJWMDdEZUU1MVYrOApqcDBrakdzOWU2NVNXaUx6aGo5V2t6Ynp1bDd4bVhCM05HSGV0aTRndUlscFJHZWluNFpWNlBJclRRVFpBZ01CCkFBR2pPREEyTUF3R0ExVWRFd0VCL3dRQ01BQXdEZ1lEVlIwUEFRSC9CQVFEQWdlQU1CWUdBMVVkSlFFQi93UU0KTUFvR0NDc0dBUVVGQndNQ01BMEdDU3FHU0liM0RRRUJCUVVBQTRJQkFRQkYzM0VsM1VLYU1aYUExL0xCRDdncApQYmVUT0Q5aWFUQXRTZklQaXhMcjRjY0w5bGliYzcrc3NTVkhwTitYNERWcW1aMjFFZ05WdXJRelBXajBQbzhCCndjOTlJZkdBRnJpajZ4cDBReWNOZ0Z6aWRnQ2FGYkV6TzNCVzZobkxyNWNOaVZQRlZzS291c0ZBdVd2ekprZW0KNmQ0SDl4RFJFcTh5OS9lTi9raWU5K0MzeGRzT1hEUHFNM203ZUlXSWt3WTRoTS85Nk5Sa0lqeTNCczJWT05jUgpzZ1Z6NHk2Si9yM3BTK2htb0dQZU53R1ROckpCcUordmRHS1FQUUVuMmJxOWFOT0xpQ2ZBRFZJd3V6ZDYveVBsCkQ1c3pVOE56V1I0Qm1xaTZXdHQvVmV6eUxXcHZTZFhTM2VJbGU2TU1uNkpxdWFobFRVa3A5NmVXRXBaNXZ5NjUKLS0tLS1FTkQgQ0VSVElGSUNBVEUtLS0tLQo=",
            "public_key_data": null,
            "public_key_type": "TYPE_X509_PEM_FILE",
            "service_account_id": "projects/labs-home-prd/serviceAccounts/home-deploy-sa@labs-home-prd.iam.gserviceaccount.com",
            "valid_after": "2025-10-20T01:59:30Z",
            "valid_before": "9999-12-31T23:59:59Z"
          },
          "sensitive_attributes": [],
          "private": "bnVsbA==",
          "dependencies": [
            "google_service_account.home_deploy"
          ]
        }
      ]
    },
    {
      "mode": "managed",
      "type": "google_storage_bucket",
      "name": "home_assets",
      "provider": "provider[\"registry.terraform.io/hashicorp/google\"]",
      "instances": [
        {
          "schema_version": 2,
          "attributes": {
            "autoclass": [],
            "cors": [],
            "custom_placement_config": [],
            "default_event_based_hold": false,
            "effective_labels": {},
            "enable_object_retention": false,
            "encryption": [],
            "force_destroy": true,
            "id": "labs-home-prd-home-assets",
            "labels": {},
            "lifecycle_rule": [
              {
                "action": [
                  {
                    "storage_class": "",
                    "type": "Delete"
                  }
                ],
                "condition": [
                  {
                    "age": 90,
                    "created_before": "",
                    "custom_time_before": "",
                    "days_since_custom_time": 0,
                    "days_since_noncurrent_time": 0,
                    "matches_prefix": [],
                    "matches_storage_class": [],
                    "matches_suffix": [],
                    "no_age": false,
                    "noncurrent_time_before": "",
                    "num_newer_versions": 0,
                    "send_age_if_zero": true,
                    "send_days_since_custom_time_if_zero": false,
                    "send_days_since_noncurrent_time_if_zero": false,
                    "send_num_newer_versions_if_zero": false,
                    "with_state": "ANY"
                  }
                ]
              }
            ],
            "location": "US-CENTRAL1",
            "logging": [],
            "name": "labs-home-prd-home-assets",
            "project": "labs-home-prd",
            "project_number": 171147998109,
            "public_access_prevention": "inherited",
            "requester_pays": false,
            "retention_policy": [],
            "rpo": null,
            "self_link": "https://www.googleapis.com/storage/v1/b/labs-home-prd-home-assets",
            "soft_delete_policy": [
              {
                "effective_time": "2025-10-20T01:59:14.954Z",
                "retention_duration_seconds": 604800
              }
            ],
            "storage_class": "STANDARD",
            "terraform_labels": {},
            "timeouts": null,
            "uniform_bucket_level_access": true,
            "url": "gs://labs-home-prd-home-assets",
            "versioning": [],
            "website": []
          },
          "sensitive_attributes": [],
          "private": "eyJlMmJmYjczMC1lY2FhLTExZTYtOGY4OC0zNDM2M2JjN2M0YzAiOnsiY3JlYXRlIjo2MDAwMDAwMDAwMDAsInJlYWQiOjI0MDAwMDAwMDAwMCwidXBkYXRlIjoyNDAwMDAwMDAwMDB9LCJzY2hlbWFfdmVyc2lvbiI6IjIifQ==",
          "dependencies": [
            "google_project_service.required_apis"
          ]
        }
      ]
    },
    {
      "mode": "managed",
      "type": "google_vpc_access_connector",
      "name": "home_connector",
      "provider": "provider[\"registry.terraform.io/hashicorp/google\"]",
      "instances": [
        {
          "schema_version": 0,
          "attributes": {
            "connected_projects": [],
            "id": "projects/labs-home-prd/locations/us-central1/connectors/home-connector",
            "ip_cidr_range": "10.8.0.0/28",
            "machine_type": "e2-micro",
            "max_instances": 3,
            "max_throughput": 300,
            "min_instances": 2,
            "min_throughput": 200,
            "name": "home-connector",
            "network": "default",
            "project": "labs-home-prd",
            "region": "us-central1",
            "self_link": "projects/labs-home-prd/locations/us-central1/connectors/home-connector",
            "state": "READY",
            "subnet": [],
            "timeouts": null
          },
          "sensitive_attributes": [],
          "private": "eyJlMmJmYjczMC1lY2FhLTExZTYtOGY4OC0zNDM2M2JjN2M0YzAiOnsiY3JlYXRlIjoxMjAwMDAwMDAwMDAwLCJkZWxldGUiOjEyMDAwMDAwMDAwMDB9fQ==",
          "dependencies": [
            "google_project_service.required_apis"
          ]
        }
      ]
    }
  ],
  "check_results": null
}
