{
  "version": 4,
  "terraform_version": "1.5.7",
  "serial": 77,
  "lineage": "6a0164bf-b300-5c5f-9a13-c39e71de4001",
  "outputs": {
    "analytics_service_url": {
      "value": "Service not deployed yet",
      "type": "string"
    },
    "artifact_registry_repository": {
      "value": "e-skimming-labs",
      "type": "string"
    },
    "firestore_database": {
      "value": "(default)",
      "type": "string"
    },
    "github_secrets_instructions_labs": {
      "value": "Add the following secrets to your GitHub repository for LABS deployment:\n    \n1. GCP_LABS_PROJECT_ID: labs-prd\n2. GCP_LABS_SA_KEY: [Use the service account key from terraform output]\n3. GAR_LABS_LOCATION: us-central1\n4. REPOSITORY_LABS: e-skimming-labs\n    \nTo get the service account key, run:\nterraform output -raw labs_deploy_key\n",
      "type": "string"
    },
    "index_service_url": {
      "value": "https://home-index-prd-hash.a.run.app",
      "type": "string"
    },
    "labs_analytics_service_account": {
      "value": "labs-analytics-sa@labs-prd.iam.gserviceaccount.com",
      "type": "string"
    },
    "labs_deploy_key": {
      "value": "{\n  \"type\": \"service_account\",\n  \"project_id\": \"labs-prd\",\n  \"private_key_id\": \"a4bdf4d112033525b0e573e6b945a40ba4c97547\",\n  \"private_key\": \"-----BEGIN PRIVATE KEY-----\\nMIIEvQIBADANBgkqhkiG9w0BAQEFAASCBKcwggSjAgEAAoIBAQD2CVwydq/7KiEj\\nUqvfuZxwF2kzdX7t1tPV1ZVXsG1x8OJyuI02mbegVqFuO1PgMlUpZpvXJ6EyJ3nJ\\nHTModRcQZSZbhIm10jEPtWRcOnmyS4ayVn5RUFUyA3a7olstNYieP7p0EWNeuY34\\nfKfQYajBJgWzh1RIROd2+4PljVWzAYZ1Ij6UJRgsvsHuaof+heIrfar9Ny9MM0OI\\nw9GjtvqpQVrYgecmOohJGYpnjClDw5QGVfW8thPGNpgADAYoe3tKgziyT9OEnSAT\\nate/FbvPGI4P1GRpDPEw+R4BR+bdojgikBDuwLVKnCFgGGYzZ5GlCIS5jHPhMDAa\\nPmlHNRAPAgMBAAECggEANyQh5a10A3aNtrzwiFOxG+4jRcUvjV54W5RixCRmYwL5\\nvXxfKb2JygWgaHQjeDvPmlfE1ZOsLPFr+gbxUD/ty17gGeK6emWBWWPt+j2gyLTk\\nm1OHO/IlJfBgy+y3Qoqc89qUjy7WdoRfrTFC6xD4IVHENVg/K3NF7QSxquDiNBvS\\n5bU1lgtXd5hz+myDDG69LPW+aj9f1RbiBVfH9NHgs6f/d685lsiTwCaVipUKIMCV\\npwqdaajiwhEyOmngUYJyCyLdrlaLvNIiDzwm0YTZlpIaF9RFqJDvybXFX7ILBvEc\\nxlcF1FZGlfYETtn7xhHB+wr/wC4tEGxl6NSYoBnFAQKBgQD+KGeFE6FDdJ76nWlx\\nTQZbK8QmyPRsI9628JWi0zhE1ra3zeYjsF2t77fcgA+7frMwPg1yBQnnvBgKlZcm\\nSNgLjwy02m270QLQXNL9UoxvkERUAb8eNIAwQlBDc+f2bkCWyL0b5yv8pS9nThgi\\nWayuSM/a0805f3AvO4wIeDwgjQKBgQD30eL2qBkRdgi1splk5ixB6jN2QsznnIA1\\nGJE6TqZ989qeBwGHHtGDv4uwZMq1VnIpFlyD6/1iga81pjO2H7rMox2ufS19bexR\\nXNRDCiv2byXsW1uXsIfeBxpeXHGZjQIxZTEAi0YrU387YTqkVm05BzgyWPSKKYhm\\nAe4HxJzSCwKBgCpkLNgKbSRmKDoe1T57nWrJgv8BF5uN5BDZUewFlOYOdg10P0WG\\nnilryVvy1Czutg5+2xlAc+V9/viM+Nf+4GIVKwZjRFhGRVThlqOACEJ3ap4kaG8u\\nTI9AEEkf5Pm6a/V6Z+hmh3StTJnLccUQ9fdf16NlHl7PvbNzGCk1fLnlAoGBAOHY\\np6z+eQoOtdVRFLZ9hev0Uj3+ltqlJ7o7z26B6v1yVNQbsmq/zVTyJY317T7hr1x+\\ngoW/dcZmRZTxCMN7mzOPnCc+8UwT94AWx2LpTDNkC/2hLJHLUacodgF04hp8BXma\\nrNPAGYy2pYcqDtVh5lxIlhBcPVAElcfRDmqJ5hkNAoGAZTPJSr1kL6MAjiCgiOn+\\n7TjC9U6IICgAm+k2KDmKYTlKcHvXqo5PiRpg6lq+11MSXcczePG9LrGebBUCz2yb\\n3RYDcdVqPANARNe2c2DDOK7gVkJ2DpFi2vTDejJrgyMWVHyfMaxgAIctUsZi3906\\n2YDB5D5OkZd47fE5TVdVdnk=\\n-----END PRIVATE KEY-----\\n\",\n  \"client_email\": \"labs-deploy-sa@labs-prd.iam.gserviceaccount.com\",\n  \"client_id\": \"118309049751305042899\",\n  \"auth_uri\": \"https://accounts.google.com/o/oauth2/auth\",\n  \"token_uri\": \"https://oauth2.googleapis.com/token\",\n  \"auth_provider_x509_cert_url\": \"https://www.googleapis.com/oauth2/v1/certs\",\n  \"client_x509_cert_url\": \"https://www.googleapis.com/robot/v1/metadata/x509/labs-deploy-sa%40labs-prd.iam.gserviceaccount.com\",\n  \"universe_domain\": \"googleapis.com\"\n}\n",
      "type": "string",
      "sensitive": true
    },
    "labs_deploy_service_account": {
      "value": "labs-deploy-sa@labs-prd.iam.gserviceaccount.com",
      "type": "string"
    },
    "labs_runtime_service_account": {
      "value": "labs-runtime-sa@labs-prd.iam.gserviceaccount.com",
      "type": "string"
    },
    "labs_seo_service_account": {
      "value": "labs-seo-sa@labs-prd.iam.gserviceaccount.com",
      "type": "string"
    },
    "project_id": {
      "value": "labs-prd",
      "type": "string"
    },
    "region": {
      "value": "us-central1",
      "type": "string"
    },
    "seo_service_url": {
      "value": "https://home-seo-prd-hash.a.run.app",
      "type": "string"
    },
    "storage_bucket_data": {
      "value": "labs-prd-labs-data",
      "type": "string"
    },
    "storage_bucket_logs": {
      "value": "labs-prd-labs-logs",
      "type": "string"
    }
  },
  "resources": [
    {
      "mode": "managed",
      "type": "google_artifact_registry_repository",
      "name": "labs_repo",
      "provider": "provider[\"registry.terraform.io/hashicorp/google\"]",
      "instances": [
        {
          "schema_version": 0,
          "attributes": {
            "cleanup_policies": [],
            "cleanup_policy_dry_run": false,
            "create_time": "2025-10-20T02:26:14.757152Z",
            "description": "E-Skimming Labs container images",
            "docker_config": [],
            "effective_labels": {},
            "format": "DOCKER",
            "id": "projects/labs-prd/locations/us-central1/repositories/e-skimming-labs",
            "kms_key_name": "",
            "labels": {},
            "location": "us-central1",
            "maven_config": [],
            "mode": "STANDARD_REPOSITORY",
            "name": "e-skimming-labs",
            "project": "labs-prd",
            "remote_repository_config": [],
            "repository_id": "e-skimming-labs",
            "terraform_labels": {},
            "timeouts": null,
            "update_time": "2025-10-20T02:26:14.757152Z",
            "virtual_repository_config": []
          },
          "sensitive_attributes": [],
          "private": "eyJlMmJmYjczMC1lY2FhLTExZTYtOGY4OC0zNDM2M2JjN2M0YzAiOnsiY3JlYXRlIjoxMjAwMDAwMDAwMDAwLCJkZWxldGUiOjEyMDAwMDAwMDAwMDAsInVwZGF0ZSI6MTIwMDAwMDAwMDAwMH19",
          "dependencies": [
            "google_project_service.required_apis"
          ]
        }
      ]
    },
    {
      "mode": "managed",
      "type": "google_firestore_database",
      "name": "labs_db",
      "provider": "provider[\"registry.terraform.io/hashicorp/google\"]",
      "instances": [
        {
          "schema_version": 0,
          "attributes": {
            "app_engine_integration_mode": "DISABLED",
            "cmek_config": [],
            "concurrency_mode": "PESSIMISTIC",
            "create_time": "",
            "delete_protection_state": "DELETE_PROTECTION_DISABLED",
            "deletion_policy": "ABANDON",
            "earliest_version_time": "2025-10-20T02:26:10.062121Z",
            "etag": "IPD6l7rhsZADMJeDv6zdsZAD",
            "id": "projects/labs-prd/databases/(default)",
            "key_prefix": "",
            "location_id": "us-central1",
            "name": "(default)",
            "point_in_time_recovery_enablement": "POINT_IN_TIME_RECOVERY_DISABLED",
            "project": "labs-prd",
            "timeouts": null,
            "type": "FIRESTORE_NATIVE",
            "uid": "82ecf2d1-928d-468e-9bca-a8a802bbfbf2",
            "update_time": "",
            "version_retention_period": "3600s"
          },
          "sensitive_attributes": [],
          "private": "eyJlMmJmYjczMC1lY2FhLTExZTYtOGY4OC0zNDM2M2JjN2M0YzAiOnsiY3JlYXRlIjoxMjAwMDAwMDAwMDAwLCJkZWxldGUiOjEyMDAwMDAwMDAwMDAsInVwZGF0ZSI6MTIwMDAwMDAwMDAwMH19",
          "dependencies": [
            "google_project_service.required_apis"
          ]
        }
      ]
    },
    {
      "mode": "managed",
      "type": "google_firestore_index",
      "name": "analytics_index",
      "provider": "provider[\"registry.terraform.io/hashicorp/google\"]",
      "instances": [
        {
          "schema_version": 0,
          "attributes": {
            "api_scope": "ANY_API",
            "collection": "analytics",
            "database": "(default)",
            "fields": [
              {
                "array_config": "",
                "field_path": "event_type",
                "order": "ASCENDING",
                "vector_config": []
              },
              {
                "array_config": "",
                "field_path": "timestamp",
                "order": "DESCENDING",
                "vector_config": []
              },
              {
                "array_config": "",
                "field_path": "lab_id",
                "order": "ASCENDING",
                "vector_config": []
              },
              {
                "array_config": "",
                "field_path": "__name__",
                "order": "ASCENDING",
                "vector_config": []
              }
            ],
            "id": "projects/labs-prd/databases/(default)/collectionGroups/analytics/indexes/CICAgJiUpoMK",
            "name": "projects/labs-prd/databases/(default)/collectionGroups/analytics/indexes/CICAgJiUpoMK",
            "project": "labs-prd",
            "query_scope": "COLLECTION",
            "timeouts": null
          },
          "sensitive_attributes": [],
          "private": "eyJlMmJmYjczMC1lY2FhLTExZTYtOGY4OC0zNDM2M2JjN2M0YzAiOnsiY3JlYXRlIjoxMjAwMDAwMDAwMDAwLCJkZWxldGUiOjEyMDAwMDAwMDAwMDB9fQ=="
        }
      ]
    },
    {
      "mode": "managed",
      "type": "google_firestore_index",
      "name": "seo_data_index",
      "provider": "provider[\"registry.terraform.io/hashicorp/google\"]",
      "instances": [
        {
          "schema_version": 0,
          "attributes": {
            "api_scope": "ANY_API",
            "collection": "seo_data",
            "database": "(default)",
            "fields": [
              {
                "array_config": "",
                "field_path": "lab_id",
                "order": "ASCENDING",
                "vector_config": []
              },
              {
                "array_config": "",
                "field_path": "last_updated",
                "order": "DESCENDING",
                "vector_config": []
              },
              {
                "array_config": "",
                "field_path": "__name__",
                "order": "DESCENDING",
                "vector_config": []
              }
            ],
            "id": "projects/labs-prd/databases/(default)/collectionGroups/seo_data/indexes/CICAgOjXh4EK",
            "name": "projects/labs-prd/databases/(default)/collectionGroups/seo_data/indexes/CICAgOjXh4EK",
            "project": "labs-prd",
            "query_scope": "COLLECTION",
            "timeouts": null
          },
          "sensitive_attributes": [],
          "private": "eyJlMmJmYjczMC1lY2FhLTExZTYtOGY4OC0zNDM2M2JjN2M0YzAiOnsiY3JlYXRlIjoxMjAwMDAwMDAwMDAwLCJkZWxldGUiOjEyMDAwMDAwMDAwMDB9fQ=="
        }
      ]
    },
    {
      "mode": "managed",
      "type": "google_firestore_index",
      "name": "user_progress_index",
      "provider": "provider[\"registry.terraform.io/hashicorp/google\"]",
      "instances": [
        {
          "schema_version": 0,
          "attributes": {
            "api_scope": "ANY_API",
            "collection": "user_progress",
            "database": "(default)",
            "fields": [
              {
                "array_config": "",
                "field_path": "user_id",
                "order": "ASCENDING",
                "vector_config": []
              },
              {
                "array_config": "",
                "field_path": "lab_id",
                "order": "ASCENDING",
                "vector_config": []
              },
              {
                "array_config": "",
                "field_path": "completed_at",
                "order": "DESCENDING",
                "vector_config": []
              },
              {
                "array_config": "",
                "field_path": "__name__",
                "order": "DESCENDING",
                "vector_config": []
              }
            ],
            "id": "projects/labs-prd/databases/(default)/collectionGroups/user_progress/indexes/CICAgJim14AJ",
            "name": "projects/labs-prd/databases/(default)/collectionGroups/user_progress/indexes/CICAgJim14AJ",
            "project": "labs-prd",
            "query_scope": "COLLECTION",
            "timeouts": null
          },
          "sensitive_attributes": [],
          "private": "eyJlMmJmYjczMC1lY2FhLTExZTYtOGY4OC0zNDM2M2JjN2M0YzAiOnsiY3JlYXRlIjoxMjAwMDAwMDAwMDAwLCJkZWxldGUiOjEyMDAwMDAwMDAwMDB9fQ=="
        }
      ]
    },
    {
      "mode": "managed",
      "type": "google_monitoring_alert_policy",
      "name": "labs_error_rate",
      "provider": "provider[\"registry.terraform.io/hashicorp/google\"]",
      "instances": [
        {
          "schema_version": 0,
          "attributes": {
            "alert_strategy": [
              {
                "auto_close": "1800s",
                "notification_channel_strategy": [],
                "notification_rate_limit": []
              }
            ],
            "combiner": "OR",
            "conditions": [
              {
                "condition_absent": [],
                "condition_matched_log": [],
                "condition_monitoring_query_language": [],
                "condition_prometheus_query_language": [],
                "condition_threshold": [
                  {
                    "aggregations": [
                      {
                        "alignment_period": "300s",
                        "cross_series_reducer": "REDUCE_MEAN",
                        "group_by_fields": [
                          "resource.labels.service_name"
                        ],
                        "per_series_aligner": "ALIGN_RATE"
                      }
                    ],
                    "comparison": "COMPARISON_GT",
                    "denominator_aggregations": [],
                    "denominator_filter": "",
                    "duration": "300s",
                    "evaluation_missing_data": "",
                    "filter": "resource.type=\"cloud_run_revision\" AND resource.labels.service_name:\"labs-\" AND metric.type=\"run.googleapis.com/request_count\"",
                    "forecast_options": [],
                    "threshold_value": 0.1,
                    "trigger": []
                  }
                ],
                "display_name": "Error rate too high",
                "name": "projects/labs-prd/alertPolicies/6117837910173593906/conditions/6117837910173594667"
              }
            ],
            "creation_record": [
              {
                "mutate_time": "2025-10-20T02:43:46.378670125Z",
                "mutated_by": "kesten.broughton@pcioasis.com"
              }
            ],
            "display_name": "E-Skimming Labs High Error Rate",
            "documentation": [],
            "enabled": true,
            "id": "projects/labs-prd/alertPolicies/6117837910173593906",
            "name": "projects/labs-prd/alertPolicies/6117837910173593906",
            "notification_channels": [],
            "project": "labs-prd",
            "severity": "",
            "timeouts": null,
            "user_labels": {}
          },
          "sensitive_attributes": [],
          "private": "eyJlMmJmYjczMC1lY2FhLTExZTYtOGY4OC0zNDM2M2JjN2M0YzAiOnsiY3JlYXRlIjoxMjAwMDAwMDAwMDAwLCJkZWxldGUiOjEyMDAwMDAwMDAwMDAsInVwZGF0ZSI6MTIwMDAwMDAwMDAwMH19"
        }
      ]
    },
    {
      "mode": "managed",
      "type": "google_monitoring_dashboard",
      "name": "labs_dashboard",
      "provider": "provider[\"registry.terraform.io/hashicorp/google\"]",
      "instances": [
        {
          "schema_version": 0,
          "attributes": {
            "dashboard_json": "{\"displayName\":\"E-Skimming Labs Dashboard\",\"etag\":\"0f6acea7158c38982386ebc28e9dc74b\",\"mosaicLayout\":{\"columns\":12,\"tiles\":[{\"height\":4,\"widget\":{\"title\":\"Service Health\",\"xyChart\":{\"dataSets\":[{\"plotType\":\"LINE\",\"targetAxis\":\"Y1\",\"timeSeriesQuery\":{\"timeSeriesFilter\":{\"aggregation\":{\"alignmentPeriod\":\"300s\",\"perSeriesAligner\":\"ALIGN_MEAN\"},\"filter\":\"resource.type=\\\"cloud_run_revision\\\" AND resource.labels.service_name:\\\"labs-\\\" AND metric.type=\\\"run.googleapis.com/request_count\\\"\"}}}]}},\"width\":12}]},\"name\":\"projects/207478017187/dashboards/bd445779-8118-4f62-8292-00d52a2130ed\"}",
            "id": "projects/207478017187/dashboards/bd445779-8118-4f62-8292-00d52a2130ed",
            "project": "labs-prd",
            "timeouts": null
          },
          "sensitive_attributes": [],
          "private": "eyJlMmJmYjczMC1lY2FhLTExZTYtOGY4OC0zNDM2M2JjN2M0YzAiOnsiY3JlYXRlIjoyNDAwMDAwMDAwMDAsImRlbGV0ZSI6MjQwMDAwMDAwMDAwLCJ1cGRhdGUiOjI0MDAwMDAwMDAwMH19"
        }
      ]
    },
    {
      "mode": "managed",
      "type": "google_project_iam_member",
      "name": "labs_analytics_roles",
      "provider": "provider[\"registry.terraform.io/hashicorp/google\"]",
      "instances": [
        {
          "index_key": "roles/datastore.user",
          "schema_version": 0,
          "attributes": {
            "condition": [],
            "etag": "BwZBjgUBA9s=",
            "id": "labs-prd/roles/datastore.user/serviceAccount:labs-analytics-sa@labs-prd.iam.gserviceaccount.com",
            "member": "serviceAccount:labs-analytics-sa@labs-prd.iam.gserviceaccount.com",
            "project": "labs-prd",
            "role": "roles/datastore.user"
          },
          "sensitive_attributes": [],
          "private": "bnVsbA==",
          "dependencies": [
            "google_service_account.labs_analytics"
          ]
        },
        {
          "index_key": "roles/logging.logWriter",
          "schema_version": 0,
          "attributes": {
            "condition": [],
            "etag": "BwZBjgUBA9s=",
            "id": "labs-prd/roles/logging.logWriter/serviceAccount:labs-analytics-sa@labs-prd.iam.gserviceaccount.com",
            "member": "serviceAccount:labs-analytics-sa@labs-prd.iam.gserviceaccount.com",
            "project": "labs-prd",
            "role": "roles/logging.logWriter"
          },
          "sensitive_attributes": [],
          "private": "bnVsbA==",
          "dependencies": [
            "google_service_account.labs_analytics"
          ]
        },
        {
          "index_key": "roles/monitoring.metricWriter",
          "schema_version": 0,
          "attributes": {
            "condition": [],
            "etag": "BwZBjgUBA9s=",
            "id": "labs-prd/roles/monitoring.metricWriter/serviceAccount:labs-analytics-sa@labs-prd.iam.gserviceaccount.com",
            "member": "serviceAccount:labs-analytics-sa@labs-prd.iam.gserviceaccount.com",
            "project": "labs-prd",
            "role": "roles/monitoring.metricWriter"
          },
          "sensitive_attributes": [],
          "private": "bnVsbA==",
          "dependencies": [
            "google_service_account.labs_analytics"
          ]
        },
        {
          "index_key": "roles/storage.objectCreator",
          "schema_version": 0,
          "attributes": {
            "condition": [],
            "etag": "BwZBjgUBA9s=",
            "id": "labs-prd/roles/storage.objectCreator/serviceAccount:labs-analytics-sa@labs-prd.iam.gserviceaccount.com",
            "member": "serviceAccount:labs-analytics-sa@labs-prd.iam.gserviceaccount.com",
            "project": "labs-prd",
            "role": "roles/storage.objectCreator"
          },
          "sensitive_attributes": [],
          "private": "bnVsbA==",
          "dependencies": [
            "google_service_account.labs_analytics"
          ]
        },
        {
          "index_key": "roles/storage.objectViewer",
          "schema_version": 0,
          "attributes": {
            "condition": [],
            "etag": "BwZBjgUBA9s=",
            "id": "labs-prd/roles/storage.objectViewer/serviceAccount:labs-analytics-sa@labs-prd.iam.gserviceaccount.com",
            "member": "serviceAccount:labs-analytics-sa@labs-prd.iam.gserviceaccount.com",
            "project": "labs-prd",
            "role": "roles/storage.objectViewer"
          },
          "sensitive_attributes": [],
          "private": "bnVsbA==",
          "dependencies": [
            "google_service_account.labs_analytics"
          ]
        }
      ]
    },
    {
      "mode": "managed",
      "type": "google_project_iam_member",
      "name": "labs_deploy_roles",
      "provider": "provider[\"registry.terraform.io/hashicorp/google\"]",
      "instances": [
        {
          "index_key": "roles/artifactregistry.admin",
          "schema_version": 0,
          "attributes": {
            "condition": [],
            "etag": "BwZBjgUBA9s=",
            "id": "labs-prd/roles/artifactregistry.admin/serviceAccount:labs-deploy-sa@labs-prd.iam.gserviceaccount.com",
            "member": "serviceAccount:labs-deploy-sa@labs-prd.iam.gserviceaccount.com",
            "project": "labs-prd",
            "role": "roles/artifactregistry.admin"
          },
          "sensitive_attributes": [],
          "private": "bnVsbA==",
          "dependencies": [
            "google_service_account.labs_deploy"
          ]
        },
        {
          "index_key": "roles/datastore.owner",
          "schema_version": 0,
          "attributes": {
            "condition": [],
            "etag": "BwZBjgUBA9s=",
            "id": "labs-prd/roles/datastore.owner/serviceAccount:labs-deploy-sa@labs-prd.iam.gserviceaccount.com",
            "member": "serviceAccount:labs-deploy-sa@labs-prd.iam.gserviceaccount.com",
            "project": "labs-prd",
            "role": "roles/datastore.owner"
          },
          "sensitive_attributes": [],
          "private": "bnVsbA==",
          "dependencies": [
            "google_service_account.labs_deploy"
          ]
        },
        {
          "index_key": "roles/iam.serviceAccountUser",
          "schema_version": 0,
          "attributes": {
            "condition": [],
            "etag": "BwZBjgUBA9s=",
            "id": "labs-prd/roles/iam.serviceAccountUser/serviceAccount:labs-deploy-sa@labs-prd.iam.gserviceaccount.com",
            "member": "serviceAccount:labs-deploy-sa@labs-prd.iam.gserviceaccount.com",
            "project": "labs-prd",
            "role": "roles/iam.serviceAccountUser"
          },
          "sensitive_attributes": [],
          "private": "bnVsbA==",
          "dependencies": [
            "google_service_account.labs_deploy"
          ]
        },
        {
          "index_key": "roles/run.admin",
          "schema_version": 0,
          "attributes": {
            "condition": [],
            "etag": "BwZBjgUBA9s=",
            "id": "labs-prd/roles/run.admin/serviceAccount:labs-deploy-sa@labs-prd.iam.gserviceaccount.com",
            "member": "serviceAccount:labs-deploy-sa@labs-prd.iam.gserviceaccount.com",
            "project": "labs-prd",
            "role": "roles/run.admin"
          },
          "sensitive_attributes": [],
          "private": "bnVsbA==",
          "dependencies": [
            "google_service_account.labs_deploy"
          ]
        },
        {
          "index_key": "roles/storage.admin",
          "schema_version": 0,
          "attributes": {
            "condition": [],
            "etag": "BwZBjgUBA9s=",
            "id": "labs-prd/roles/storage.admin/serviceAccount:labs-deploy-sa@labs-prd.iam.gserviceaccount.com",
            "member": "serviceAccount:labs-deploy-sa@labs-prd.iam.gserviceaccount.com",
            "project": "labs-prd",
            "role": "roles/storage.admin"
          },
          "sensitive_attributes": [],
          "private": "bnVsbA==",
          "dependencies": [
            "google_service_account.labs_deploy"
          ]
        }
      ]
    },
    {
      "mode": "managed",
      "type": "google_project_iam_member",
      "name": "labs_runtime_roles",
      "provider": "provider[\"registry.terraform.io/hashicorp/google\"]",
      "instances": [
        {
          "index_key": "roles/datastore.user",
          "schema_version": 0,
          "attributes": {
            "condition": [],
            "etag": "BwZBjgUBA9s=",
            "id": "labs-prd/roles/datastore.user/serviceAccount:labs-runtime-sa@labs-prd.iam.gserviceaccount.com",
            "member": "serviceAccount:labs-runtime-sa@labs-prd.iam.gserviceaccount.com",
            "project": "labs-prd",
            "role": "roles/datastore.user"
          },
          "sensitive_attributes": [],
          "private": "bnVsbA==",
          "dependencies": [
            "google_service_account.labs_runtime"
          ]
        },
        {
          "index_key": "roles/logging.logWriter",
          "schema_version": 0,
          "attributes": {
            "condition": [],
            "etag": "BwZBjgUBA9s=",
            "id": "labs-prd/roles/logging.logWriter/serviceAccount:labs-runtime-sa@labs-prd.iam.gserviceaccount.com",
            "member": "serviceAccount:labs-runtime-sa@labs-prd.iam.gserviceaccount.com",
            "project": "labs-prd",
            "role": "roles/logging.logWriter"
          },
          "sensitive_attributes": [],
          "private": "bnVsbA==",
          "dependencies": [
            "google_service_account.labs_runtime"
          ]
        },
        {
          "index_key": "roles/monitoring.metricWriter",
          "schema_version": 0,
          "attributes": {
            "condition": [],
            "etag": "BwZBjgUBA9s=",
            "id": "labs-prd/roles/monitoring.metricWriter/serviceAccount:labs-runtime-sa@labs-prd.iam.gserviceaccount.com",
            "member": "serviceAccount:labs-runtime-sa@labs-prd.iam.gserviceaccount.com",
            "project": "labs-prd",
            "role": "roles/monitoring.metricWriter"
          },
          "sensitive_attributes": [],
          "private": "bnVsbA==",
          "dependencies": [
            "google_service_account.labs_runtime"
          ]
        },
        {
          "index_key": "roles/run.invoker",
          "schema_version": 0,
          "attributes": {
            "condition": [],
            "etag": "BwZBjgUBA9s=",
            "id": "labs-prd/roles/run.invoker/serviceAccount:labs-runtime-sa@labs-prd.iam.gserviceaccount.com",
            "member": "serviceAccount:labs-runtime-sa@labs-prd.iam.gserviceaccount.com",
            "project": "labs-prd",
            "role": "roles/run.invoker"
          },
          "sensitive_attributes": [],
          "private": "bnVsbA==",
          "dependencies": [
            "google_service_account.labs_runtime"
          ]
        },
        {
          "index_key": "roles/storage.objectCreator",
          "schema_version": 0,
          "attributes": {
            "condition": [],
            "etag": "BwZBjgUBA9s=",
            "id": "labs-prd/roles/storage.objectCreator/serviceAccount:labs-runtime-sa@labs-prd.iam.gserviceaccount.com",
            "member": "serviceAccount:labs-runtime-sa@labs-prd.iam.gserviceaccount.com",
            "project": "labs-prd",
            "role": "roles/storage.objectCreator"
          },
          "sensitive_attributes": [],
          "private": "bnVsbA==",
          "dependencies": [
            "google_service_account.labs_runtime"
          ]
        },
        {
          "index_key": "roles/storage.objectViewer",
          "schema_version": 0,
          "attributes": {
            "condition": [],
            "etag": "BwZBjgUBA9s=",
            "id": "labs-prd/roles/storage.objectViewer/serviceAccount:labs-runtime-sa@labs-prd.iam.gserviceaccount.com",
            "member": "serviceAccount:labs-runtime-sa@labs-prd.iam.gserviceaccount.com",
            "project": "labs-prd",
            "role": "roles/storage.objectViewer"
          },
          "sensitive_attributes": [],
          "private": "bnVsbA==",
          "dependencies": [
            "google_service_account.labs_runtime"
          ]
        }
      ]
    },
    {
      "mode": "managed",
      "type": "google_project_iam_member",
      "name": "labs_seo_roles",
      "provider": "provider[\"registry.terraform.io/hashicorp/google\"]",
      "instances": [
        {
          "index_key": "roles/datastore.user",
          "schema_version": 0,
          "attributes": {
            "condition": [],
            "etag": "BwZBjgUBA9s=",
            "id": "labs-prd/roles/datastore.user/serviceAccount:labs-seo-sa@labs-prd.iam.gserviceaccount.com",
            "member": "serviceAccount:labs-seo-sa@labs-prd.iam.gserviceaccount.com",
            "project": "labs-prd",
            "role": "roles/datastore.user"
          },
          "sensitive_attributes": [],
          "private": "bnVsbA==",
          "dependencies": [
            "google_service_account.labs_seo"
          ]
        },
        {
          "index_key": "roles/logging.logWriter",
          "schema_version": 0,
          "attributes": {
            "condition": [],
            "etag": "BwZBjgUBA9s=",
            "id": "labs-prd/roles/logging.logWriter/serviceAccount:labs-seo-sa@labs-prd.iam.gserviceaccount.com",
            "member": "serviceAccount:labs-seo-sa@labs-prd.iam.gserviceaccount.com",
            "project": "labs-prd",
            "role": "roles/logging.logWriter"
          },
          "sensitive_attributes": [],
          "private": "bnVsbA==",
          "dependencies": [
            "google_service_account.labs_seo"
          ]
        },
        {
          "index_key": "roles/storage.objectViewer",
          "schema_version": 0,
          "attributes": {
            "condition": [],
            "etag": "BwZBjgUBA9s=",
            "id": "labs-prd/roles/storage.objectViewer/serviceAccount:labs-seo-sa@labs-prd.iam.gserviceaccount.com",
            "member": "serviceAccount:labs-seo-sa@labs-prd.iam.gserviceaccount.com",
            "project": "labs-prd",
            "role": "roles/storage.objectViewer"
          },
          "sensitive_attributes": [],
          "private": "bnVsbA==",
          "dependencies": [
            "google_service_account.labs_seo"
          ]
        }
      ]
    },
    {
      "mode": "managed",
      "type": "google_project_service",
      "name": "required_apis",
      "provider": "provider[\"registry.terraform.io/hashicorp/google\"]",
      "instances": [
        {
          "index_key": "artifactregistry.googleapis.com",
          "schema_version": 0,
          "attributes": {
            "disable_dependent_services": null,
            "disable_on_destroy": false,
            "id": "labs-prd/artifactregistry.googleapis.com",
            "project": "labs-prd",
            "service": "artifactregistry.googleapis.com",
            "timeouts": null
          },
          "sensitive_attributes": [],
          "private": "eyJlMmJmYjczMC1lY2FhLTExZTYtOGY4OC0zNDM2M2JjN2M0YzAiOnsiY3JlYXRlIjoxMjAwMDAwMDAwMDAwLCJkZWxldGUiOjEyMDAwMDAwMDAwMDAsInJlYWQiOjYwMDAwMDAwMDAwMCwidXBkYXRlIjoxMjAwMDAwMDAwMDAwfX0="
        },
        {
          "index_key": "cloudresourcemanager.googleapis.com",
          "schema_version": 0,
          "attributes": {
            "disable_dependent_services": null,
            "disable_on_destroy": false,
            "id": "labs-prd/cloudresourcemanager.googleapis.com",
            "project": "labs-prd",
            "service": "cloudresourcemanager.googleapis.com",
            "timeouts": null
          },
          "sensitive_attributes": [],
          "private": "eyJlMmJmYjczMC1lY2FhLTExZTYtOGY4OC0zNDM2M2JjN2M0YzAiOnsiY3JlYXRlIjoxMjAwMDAwMDAwMDAwLCJkZWxldGUiOjEyMDAwMDAwMDAwMDAsInJlYWQiOjYwMDAwMDAwMDAwMCwidXBkYXRlIjoxMjAwMDAwMDAwMDAwfX0="
        },
        {
          "index_key": "firestore.googleapis.com",
          "schema_version": 0,
          "attributes": {
            "disable_dependent_services": null,
            "disable_on_destroy": false,
            "id": "labs-prd/firestore.googleapis.com",
            "project": "labs-prd",
            "service": "firestore.googleapis.com",
            "timeouts": null
          },
          "sensitive_attributes": [],
          "private": "eyJlMmJmYjczMC1lY2FhLTExZTYtOGY4OC0zNDM2M2JjN2M0YzAiOnsiY3JlYXRlIjoxMjAwMDAwMDAwMDAwLCJkZWxldGUiOjEyMDAwMDAwMDAwMDAsInJlYWQiOjYwMDAwMDAwMDAwMCwidXBkYXRlIjoxMjAwMDAwMDAwMDAwfX0="
        },
        {
          "index_key": "iam.googleapis.com",
          "schema_version": 0,
          "attributes": {
            "disable_dependent_services": null,
            "disable_on_destroy": false,
            "id": "labs-prd/iam.googleapis.com",
            "project": "labs-prd",
            "service": "iam.googleapis.com",
            "timeouts": null
          },
          "sensitive_attributes": [],
          "private": "eyJlMmJmYjczMC1lY2FhLTExZTYtOGY4OC0zNDM2M2JjN2M0YzAiOnsiY3JlYXRlIjoxMjAwMDAwMDAwMDAwLCJkZWxldGUiOjEyMDAwMDAwMDAwMDAsInJlYWQiOjYwMDAwMDAwMDAwMCwidXBkYXRlIjoxMjAwMDAwMDAwMDAwfX0="
        },
        {
          "index_key": "logging.googleapis.com",
          "schema_version": 0,
          "attributes": {
            "disable_dependent_services": null,
            "disable_on_destroy": false,
            "id": "labs-prd/logging.googleapis.com",
            "project": "labs-prd",
            "service": "logging.googleapis.com",
            "timeouts": null
          },
          "sensitive_attributes": [],
          "private": "eyJlMmJmYjczMC1lY2FhLTExZTYtOGY4OC0zNDM2M2JjN2M0YzAiOnsiY3JlYXRlIjoxMjAwMDAwMDAwMDAwLCJkZWxldGUiOjEyMDAwMDAwMDAwMDAsInJlYWQiOjYwMDAwMDAwMDAwMCwidXBkYXRlIjoxMjAwMDAwMDAwMDAwfX0="
        },
        {
          "index_key": "monitoring.googleapis.com",
          "schema_version": 0,
          "attributes": {
            "disable_dependent_services": null,
            "disable_on_destroy": false,
            "id": "labs-prd/monitoring.googleapis.com",
            "project": "labs-prd",
            "service": "monitoring.googleapis.com",
            "timeouts": null
          },
          "sensitive_attributes": [],
          "private": "eyJlMmJmYjczMC1lY2FhLTExZTYtOGY4OC0zNDM2M2JjN2M0YzAiOnsiY3JlYXRlIjoxMjAwMDAwMDAwMDAwLCJkZWxldGUiOjEyMDAwMDAwMDAwMDAsInJlYWQiOjYwMDAwMDAwMDAwMCwidXBkYXRlIjoxMjAwMDAwMDAwMDAwfX0="
        },
        {
          "index_key": "run.googleapis.com",
          "schema_version": 0,
          "attributes": {
            "disable_dependent_services": null,
            "disable_on_destroy": false,
            "id": "labs-prd/run.googleapis.com",
            "project": "labs-prd",
            "service": "run.googleapis.com",
            "timeouts": null
          },
          "sensitive_attributes": [],
          "private": "eyJlMmJmYjczMC1lY2FhLTExZTYtOGY4OC0zNDM2M2JjN2M0YzAiOnsiY3JlYXRlIjoxMjAwMDAwMDAwMDAwLCJkZWxldGUiOjEyMDAwMDAwMDAwMDAsInJlYWQiOjYwMDAwMDAwMDAwMCwidXBkYXRlIjoxMjAwMDAwMDAwMDAwfX0="
        },
        {
          "index_key": "servicenetworking.googleapis.com",
          "schema_version": 0,
          "attributes": {
            "disable_dependent_services": null,
            "disable_on_destroy": false,
            "id": "labs-prd/servicenetworking.googleapis.com",
            "project": "labs-prd",
            "service": "servicenetworking.googleapis.com",
            "timeouts": null
          },
          "sensitive_attributes": [],
          "private": "eyJlMmJmYjczMC1lY2FhLTExZTYtOGY4OC0zNDM2M2JjN2M0YzAiOnsiY3JlYXRlIjoxMjAwMDAwMDAwMDAwLCJkZWxldGUiOjEyMDAwMDAwMDAwMDAsInJlYWQiOjYwMDAwMDAwMDAwMCwidXBkYXRlIjoxMjAwMDAwMDAwMDAwfX0="
        },
        {
          "index_key": "storage.googleapis.com",
          "schema_version": 0,
          "attributes": {
            "disable_dependent_services": null,
            "disable_on_destroy": false,
            "id": "labs-prd/storage.googleapis.com",
            "project": "labs-prd",
            "service": "storage.googleapis.com",
            "timeouts": null
          },
          "sensitive_attributes": [],
          "private": "eyJlMmJmYjczMC1lY2FhLTExZTYtOGY4OC0zNDM2M2JjN2M0YzAiOnsiY3JlYXRlIjoxMjAwMDAwMDAwMDAwLCJkZWxldGUiOjEyMDAwMDAwMDAwMDAsInJlYWQiOjYwMDAwMDAwMDAwMCwidXBkYXRlIjoxMjAwMDAwMDAwMDAwfX0="
        },
        {
          "index_key": "vpcaccess.googleapis.com",
          "schema_version": 0,
          "attributes": {
            "disable_dependent_services": null,
            "disable_on_destroy": false,
            "id": "labs-prd/vpcaccess.googleapis.com",
            "project": "labs-prd",
            "service": "vpcaccess.googleapis.com",
            "timeouts": null
          },
          "sensitive_attributes": [],
          "private": "eyJlMmJmYjczMC1lY2FhLTExZTYtOGY4OC0zNDM2M2JjN2M0YzAiOnsiY3JlYXRlIjoxMjAwMDAwMDAwMDAwLCJkZWxldGUiOjEyMDAwMDAwMDAwMDAsInJlYWQiOjYwMDAwMDAwMDAwMCwidXBkYXRlIjoxMjAwMDAwMDAwMDAwfX0="
        }
      ]
    },
    {
      "mode": "managed",
      "type": "google_service_account",
      "name": "labs_analytics",
      "provider": "provider[\"registry.terraform.io/hashicorp/google\"]",
      "instances": [
        {
          "schema_version": 0,
          "attributes": {
            "account_id": "labs-analytics-sa",
            "create_ignore_already_exists": null,
            "description": "Service account for analytics service",
            "disabled": false,
            "display_name": "E-Skimming Labs Analytics Service Account",
            "email": "labs-analytics-sa@labs-prd.iam.gserviceaccount.com",
            "id": "projects/labs-prd/serviceAccounts/labs-analytics-sa@labs-prd.iam.gserviceaccount.com",
            "member": "serviceAccount:labs-analytics-sa@labs-prd.iam.gserviceaccount.com",
            "name": "projects/labs-prd/serviceAccounts/labs-analytics-sa@labs-prd.iam.gserviceaccount.com",
            "project": "labs-prd",
            "timeouts": null,
            "unique_id": "102214997162800882571"
          },
          "sensitive_attributes": [],
          "private": "eyJlMmJmYjczMC1lY2FhLTExZTYtOGY4OC0zNDM2M2JjN2M0YzAiOnsiY3JlYXRlIjozMDAwMDAwMDAwMDB9fQ=="
        }
      ]
    },
    {
      "mode": "managed",
      "type": "google_service_account",
      "name": "labs_deploy",
      "provider": "provider[\"registry.terraform.io/hashicorp/google\"]",
      "instances": [
        {
          "schema_version": 0,
          "attributes": {
            "account_id": "labs-deploy-sa",
            "create_ignore_already_exists": null,
            "description": "Service account for GitHub Actions deployment",
            "disabled": false,
            "display_name": "E-Skimming Labs Deploy Service Account",
            "email": "labs-deploy-sa@labs-prd.iam.gserviceaccount.com",
            "id": "projects/labs-prd/serviceAccounts/labs-deploy-sa@labs-prd.iam.gserviceaccount.com",
            "member": "serviceAccount:labs-deploy-sa@labs-prd.iam.gserviceaccount.com",
            "name": "projects/labs-prd/serviceAccounts/labs-deploy-sa@labs-prd.iam.gserviceaccount.com",
            "project": "labs-prd",
            "timeouts": null,
            "unique_id": "118309049751305042899"
          },
          "sensitive_attributes": [],
          "private": "eyJlMmJmYjczMC1lY2FhLTExZTYtOGY4OC0zNDM2M2JjN2M0YzAiOnsiY3JlYXRlIjozMDAwMDAwMDAwMDB9fQ=="
        }
      ]
    },
    {
      "mode": "managed",
      "type": "google_service_account",
      "name": "labs_runtime",
      "provider": "provider[\"registry.terraform.io/hashicorp/google\"]",
      "instances": [
        {
          "schema_version": 0,
          "attributes": {
            "account_id": "labs-runtime-sa",
            "create_ignore_already_exists": null,
            "description": "Service account for running Cloud Run lab services",
            "disabled": false,
            "display_name": "E-Skimming Labs Runtime Service Account",
            "email": "labs-runtime-sa@labs-prd.iam.gserviceaccount.com",
            "id": "projects/labs-prd/serviceAccounts/labs-runtime-sa@labs-prd.iam.gserviceaccount.com",
            "member": "serviceAccount:labs-runtime-sa@labs-prd.iam.gserviceaccount.com",
            "name": "projects/labs-prd/serviceAccounts/labs-runtime-sa@labs-prd.iam.gserviceaccount.com",
            "project": "labs-prd",
            "timeouts": null,
            "unique_id": "112096252097750088108"
          },
          "sensitive_attributes": [],
          "private": "eyJlMmJmYjczMC1lY2FhLTExZTYtOGY4OC0zNDM2M2JjN2M0YzAiOnsiY3JlYXRlIjozMDAwMDAwMDAwMDB9fQ=="
        }
      ]
    },
    {
      "mode": "managed",
      "type": "google_service_account",
      "name": "labs_seo",
      "provider": "provider[\"registry.terraform.io/hashicorp/google\"]",
      "instances": [
        {
          "schema_version": 0,
          "attributes": {
            "account_id": "labs-seo-sa",
            "create_ignore_already_exists": null,
            "description": "Service account for SEO integration service",
            "disabled": false,
            "display_name": "E-Skimming Labs SEO Service Account",
            "email": "labs-seo-sa@labs-prd.iam.gserviceaccount.com",
            "id": "projects/labs-prd/serviceAccounts/labs-seo-sa@labs-prd.iam.gserviceaccount.com",
            "member": "serviceAccount:labs-seo-sa@labs-prd.iam.gserviceaccount.com",
            "name": "projects/labs-prd/serviceAccounts/labs-seo-sa@labs-prd.iam.gserviceaccount.com",
            "project": "labs-prd",
            "timeouts": null,
            "unique_id": "102441818563196221535"
          },
          "sensitive_attributes": [],
          "private": "eyJlMmJmYjczMC1lY2FhLTExZTYtOGY4OC0zNDM2M2JjN2M0YzAiOnsiY3JlYXRlIjozMDAwMDAwMDAwMDB9fQ=="
        }
      ]
    },
    {
      "mode": "managed",
      "type": "google_service_account_key",
      "name": "labs_deploy_key",
      "provider": "provider[\"registry.terraform.io/hashicorp/google\"]",
      "instances": [
        {
          "schema_version": 0,
          "attributes": {
            "id": "projects/labs-prd/serviceAccounts/labs-deploy-sa@labs-prd.iam.gserviceaccount.com/keys/a4bdf4d112033525b0e573e6b945a40ba4c97547",
            "keepers": null,
            "key_algorithm": "KEY_ALG_RSA_2048",
            "name": "projects/labs-prd/serviceAccounts/labs-deploy-sa@labs-prd.iam.gserviceaccount.com/keys/a4bdf4d112033525b0e573e6b945a40ba4c97547",
            "private_key": "ewogICJ0eXBlIjogInNlcnZpY2VfYWNjb3VudCIsCiAgInByb2plY3RfaWQiOiAibGFicy1wcmQiLAogICJwcml2YXRlX2tleV9pZCI6ICJhNGJkZjRkMTEyMDMzNTI1YjBlNTczZTZiOTQ1YTQwYmE0Yzk3NTQ3IiwKICAicHJpdmF0ZV9rZXkiOiAiLS0tLS1CRUdJTiBQUklWQVRFIEtFWS0tLS0tXG5NSUlFdlFJQkFEQU5CZ2txaGtpRzl3MEJBUUVGQUFTQ0JLY3dnZ1NqQWdFQUFvSUJBUUQyQ1Z3eWRxLzdLaUVqXG5VcXZmdVp4d0Yya3pkWDd0MXRQVjFaVlhzRzF4OE9KeXVJMDJtYmVnVnFGdU8xUGdNbFVwWnB2WEo2RXlKM25KXG5IVE1vZFJjUVpTWmJoSW0xMGpFUHRXUmNPbm15UzRheVZuNVJVRlV5QTNhN29sc3ROWWllUDdwMEVXTmV1WTM0XG5mS2ZRWWFqQkpnV3poMVJJUk9kMis0UGxqVld6QVlaMUlqNlVKUmdzdnNIdWFvZitoZUlyZmFyOU55OU1NME9JXG53OUdqdHZxcFFWcllnZWNtT29oSkdZcG5qQ2xEdzVRR1ZmVzh0aFBHTnBnQURBWW9lM3RLZ3ppeVQ5T0VuU0FUXG5hdGUvRmJ2UEdJNFAxR1JwRFBFdytSNEJSK2Jkb2pnaWtCRHV3TFZLbkNGZ0dHWXpaNUdsQ0lTNWpIUGhNREFhXG5QbWxITlJBUEFnTUJBQUVDZ2dFQU55UWg1YTEwQTNhTnRyendpRk94Rys0alJjVXZqVjU0VzVSaXhDUm1Zd0w1XG52WHhmS2IySnlnV2dhSFFqZUR2UG1sZkUxWk9zTFBGcitnYnhVRC90eTE3Z0dlSzZlbVdCV1dQdCtqMmd5TFRrXG5tMU9ITy9JbEpmQmd5K3kzUW9xYzg5cVVqeTdXZG9SZnJURkM2eEQ0SVZIRU5WZy9LM05GN1FTeHF1RGlOQnZTXG41YlUxbGd0WGQ1aHorbXlEREc2OUxQVythajlmMVJiaUJWZkg5TkhnczZmL2Q2ODVsc2lUd0NhVmlwVUtJTUNWXG5wd3FkYWFqaXdoRXlPbW5nVVlKeUN5TGRybGFMdk5JaUR6d20wWVRabHBJYUY5UkZxSkR2eWJYRlg3SUxCdkVjXG54bGNGMUZaR2xmWUVUdG43eGhIQit3ci93QzR0RUd4bDZOU1lvQm5GQVFLQmdRRCtLR2VGRTZGRGRKNzZuV2x4XG5UUVpiSzhRbXlQUnNJOTYyOEpXaTB6aEUxcmEzemVZanNGMnQ3N2ZjZ0ErN2ZyTXdQZzF5QlFubnZCZ0tsWmNtXG5TTmdMand5MDJtMjcwUUxRWE5MOVVveHZrRVJVQWI4ZU5JQXdRbEJEYytmMmJrQ1d5TDBiNXl2OHBTOW5UaGdpXG5XYXl1U00vYTA4MDVmM0F2TzR3SWVEd2dqUUtCZ1FEMzBlTDJxQmtSZGdpMXNwbGs1aXhCNmpOMlFzem5uSUExXG5HSkU2VHFaOTg5cWVCd0dISHRHRHY0dXdaTXExVm5JcEZseUQ2LzFpZ2E4MXBqTzJIN3JNb3gydWZTMTliZXhSXG5YTlJEQ2l2MmJ5WHNXMXVYc0lmZUJ4cGVYSEdaalFJeFpURUFpMFlyVTM4N1lUcWtWbTA1QnpneVdQU0tLWWhtXG5BZTRIeEp6U0N3S0JnQ3BrTE5nS2JTUm1LRG9lMVQ1N25XckpndjhCRjV1TjVCRFpVZXdGbE9ZT2RnMTBQMFdHXG5uaWxyeVZ2eTFDenV0ZzUrMnhsQWMrVjkvdmlNK05mKzRHSVZLd1pqUkZoR1JWVGhscU9BQ0VKM2FwNGthRzh1XG5USTlBRUVrZjVQbTZhL1Y2WitobWgzU3RUSm5MY2NVUTlmZGYxNk5sSGw3UHZiTnpHQ2sxZkxubEFvR0JBT0hZXG5wNnorZVFvT3RkVlJGTFo5aGV2MFVqMytsdHFsSjdvN3oyNkI2djF5Vk5RYnNtcS96VlR5SlkzMTdUN2hyMXgrXG5nb1cvZGNabVJaVHhDTU43bXpPUG5DYys4VXdUOTRBV3gyTHBURE5rQy8yaExKSExVYWNvZGdGMDRocDhCWG1hXG5yTlBBR1l5MnBZY3FEdFZoNWx4SWxoQmNQVkFFbGNmUkRtcUo1aGtOQW9HQVpUUEpTcjFrTDZNQWppQ2dpT24rXG43VGpDOVU2SUlDZ0FtK2syS0RtS1lUbEtjSHZYcW81UGlScGc2bHErMTFNU1hjY3plUEc5THJHZWJCVUN6MnliXG4zUllEY2RWcVBBTkFSTmUyYzJERE9LN2dWa0oyRHBGaTJ2VERlakpyZ3lNV1ZIeWZNYXhnQUljdFVzWmkzOTA2XG4yWURCNUQ1T2taZDQ3ZkU1VFZkVmRuaz1cbi0tLS0tRU5EIFBSSVZBVEUgS0VZLS0tLS1cbiIsCiAgImNsaWVudF9lbWFpbCI6ICJsYWJzLWRlcGxveS1zYUBsYWJzLXByZC5pYW0uZ3NlcnZpY2VhY2NvdW50LmNvbSIsCiAgImNsaWVudF9pZCI6ICIxMTgzMDkwNDk3NTEzMDUwNDI4OTkiLAogICJhdXRoX3VyaSI6ICJodHRwczovL2FjY291bnRzLmdvb2dsZS5jb20vby9vYXV0aDIvYXV0aCIsCiAgInRva2VuX3VyaSI6ICJodHRwczovL29hdXRoMi5nb29nbGVhcGlzLmNvbS90b2tlbiIsCiAgImF1dGhfcHJvdmlkZXJfeDUwOV9jZXJ0X3VybCI6ICJodHRwczovL3d3dy5nb29nbGVhcGlzLmNvbS9vYXV0aDIvdjEvY2VydHMiLAogICJjbGllbnRfeDUwOV9jZXJ0X3VybCI6ICJodHRwczovL3d3dy5nb29nbGVhcGlzLmNvbS9yb2JvdC92MS9tZXRhZGF0YS94NTA5L2xhYnMtZGVwbG95LXNhJTQwbGFicy1wcmQuaWFtLmdzZXJ2aWNlYWNjb3VudC5jb20iLAogICJ1bml2ZXJzZV9kb21haW4iOiAiZ29vZ2xlYXBpcy5jb20iCn0K",
            "private_key_type": "TYPE_GOOGLE_CREDENTIALS_FILE",
            "public_key": "LS0tLS1CRUdJTiBDRVJUSUZJQ0FURS0tLS0tCk1JSUMvVENDQWVXZ0F3SUJBZ0lKQUlXRzJSZDd1QmFKTUEwR0NTcUdTSWIzRFFFQkJRVUFNQ0F4SGpBY0JnTlYKQkFNTUZURXhPRE13T1RBME9UYzFNVE13TlRBME1qZzVPVEFnRncweU5URXdNakF3TWpJMk1UQmFHQTg1T1RrNQpNVEl6TVRJek5UazFPVm93SURFZU1Cd0dBMVVFQXd3Vk1URTRNekE1TURRNU56VXhNekExTURReU9EazVNSUlCCklqQU5CZ2txaGtpRzl3MEJBUUVGQUFPQ0FROEFNSUlCQ2dLQ0FRRUE5Z2xjTW5hdit5b2hJMUtyMzdtY2NCZHAKTTNWKzdkYlQxZFdWVjdCdGNmRGljcmlOTnBtM29GYWhianRUNERKVktXYWIxeWVoTWlkNXlSMHpLSFVYRUdVbQpXNFNKdGRJeEQ3VmtYRHA1c2t1R3NsWitVVkJWTWdOMnU2SmJMVFdJbmorNmRCRmpYcm1OK0h5bjBHR293U1lGCnM0ZFVTRVRuZHZ1RDVZMVZzd0dHZFNJK2xDVVlMTDdCN21xSC9vWGlLMzJxL1RjdlRETkRpTVBSbzdiNnFVRmEKMklIbkpqcUlTUm1LWjR3cFE4T1VCbFgxdkxZVHhqYVlBQXdHS0h0N1NvTTRzay9UaEowZ0Uyclh2eFc3enhpTwpEOVJrYVF6eE1Qa2VBVWZtM2FJNElwQVE3c0MxU3B3aFlCaG1NMmVScFFpRXVZeHo0VEF3R2o1cFJ6VVFEd0lECkFRQUJvemd3TmpBTUJnTlZIUk1CQWY4RUFqQUFNQTRHQTFVZER3RUIvd1FFQXdJSGdEQVdCZ05WSFNVQkFmOEUKRERBS0JnZ3JCZ0VGQlFjREFqQU5CZ2txaGtpRzl3MEJBUVVGQUFPQ0FRRUFXN1NEUXEzOEo0ZEppWUVzaXVYVApkZUg5V2M5bU5oYkw5b0NxL1psSy9pckYvbmo5ckEyeDJDL0tlUzJiQmcyaFFHUHhJMWo2eUtYYmpkMHFqaHMxClpvT0VqMHlVMU9iaFdGQ3NBZWw5cEJWa1lPRHIwa0p0NkRCUEpQYUUvaFB0eVRWQXM3WC96Tmw2M0tLQWhNN28KSTNIb2RGWlNtRlgxOGtPa3RmRU9MeS9pMkJGR1g1M0NPUE5qbWFIeHcxRnFZZU9kbnNVaG5oTWYzZ1JlWnBEWQowRW8vUkpjR2VPOVlkUXd3VjlFNElYWGVFSVNWRWV1MzhCT1BXU0NzcDJkM1pNWW9kaFJxVk9pU0FjaVBvbFV4CmlocHdnTURpNlVEeGp1bGQyTW9zZXJNVFJxUXJhTEhENkFLd3FvVjNXbUkrQWtmaFprdUlWc3BhWklmTXlYVDQKRnc9PQotLS0tLUVORCBDRVJUSUZJQ0FURS0tLS0tCg==",
            "public_key_data": null,
            "public_key_type": "TYPE_X509_PEM_FILE",
            "service_account_id": "projects/labs-prd/serviceAccounts/labs-deploy-sa@labs-prd.iam.gserviceaccount.com",
            "valid_after": "2025-10-20T02:26:10Z",
            "valid_before": "9999-12-31T23:59:59Z"
          },
          "sensitive_attributes": [],
          "private": "bnVsbA==",
          "dependencies": [
            "google_service_account.labs_deploy"
          ]
        }
      ]
    },
    {
      "mode": "managed",
      "type": "google_storage_bucket",
      "name": "labs_data",
      "provider": "provider[\"registry.terraform.io/hashicorp/google\"]",
      "instances": [
        {
          "schema_version": 2,
          "attributes": {
            "autoclass": [],
            "cors": [],
            "custom_placement_config": [],
            "default_event_based_hold": false,
            "effective_labels": {},
            "enable_object_retention": false,
            "encryption": [],
            "force_destroy": true,
            "id": "labs-prd-labs-data",
            "labels": {},
            "lifecycle_rule": [
              {
                "action": [
                  {
                    "storage_class": "",
                    "type": "Delete"
                  }
                ],
                "condition": [
                  {
                    "age": 90,
                    "created_before": "",
                    "custom_time_before": "",
                    "days_since_custom_time": 0,
                    "days_since_noncurrent_time": 0,
                    "matches_prefix": [],
                    "matches_storage_class": [],
                    "matches_suffix": [],
                    "no_age": false,
                    "noncurrent_time_before": "",
                    "num_newer_versions": 0,
                    "send_age_if_zero": true,
                    "send_days_since_custom_time_if_zero": false,
                    "send_days_since_noncurrent_time_if_zero": false,
                    "send_num_newer_versions_if_zero": false,
                    "with_state": "ANY"
                  }
                ]
              }
            ],
            "location": "US-CENTRAL1",
            "logging": [],
            "name": "labs-prd-labs-data",
            "project": "labs-prd",
            "project_number": 207478017187,
            "public_access_prevention": "inherited",
            "requester_pays": false,
            "retention_policy": [],
            "rpo": null,
            "self_link": "https://www.googleapis.com/storage/v1/b/labs-prd-labs-data",
            "soft_delete_policy": [
              {
                "effective_time": "2025-10-20T02:26:06.459Z",
                "retention_duration_seconds": 604800
              }
            ],
            "storage_class": "STANDARD",
            "terraform_labels": {},
            "timeouts": null,
            "uniform_bucket_level_access": true,
            "url": "gs://labs-prd-labs-data",
            "versioning": [],
            "website": []
          },
          "sensitive_attributes": [],
          "private": "eyJlMmJmYjczMC1lY2FhLTExZTYtOGY4OC0zNDM2M2JjN2M0YzAiOnsiY3JlYXRlIjo2MDAwMDAwMDAwMDAsInJlYWQiOjI0MDAwMDAwMDAwMCwidXBkYXRlIjoyNDAwMDAwMDAwMDB9LCJzY2hlbWFfdmVyc2lvbiI6IjIifQ==",
          "dependencies": [
            "google_project_service.required_apis"
          ]
        }
      ]
    },
    {
      "mode": "managed",
      "type": "google_storage_bucket",
      "name": "labs_logs",
      "provider": "provider[\"registry.terraform.io/hashicorp/google\"]",
      "instances": [
        {
          "schema_version": 2,
          "attributes": {
            "autoclass": [],
            "cors": [],
            "custom_placement_config": [],
            "default_event_based_hold": false,
            "effective_labels": {},
            "enable_object_retention": false,
            "encryption": [],
            "force_destroy": true,
            "id": "labs-prd-labs-logs",
            "labels": {},
            "lifecycle_rule": [
              {
                "action": [
                  {
                    "storage_class": "",
                    "type": "Delete"
                  }
                ],
                "condition": [
                  {
                    "age": 30,
                    "created_before": "",
                    "custom_time_before": "",
                    "days_since_custom_time": 0,
                    "days_since_noncurrent_time": 0,
                    "matches_prefix": [],
                    "matches_storage_class": [],
                    "matches_suffix": [],
                    "no_age": false,
                    "noncurrent_time_before": "",
                    "num_newer_versions": 0,
                    "send_age_if_zero": true,
                    "send_days_since_custom_time_if_zero": false,
                    "send_days_since_noncurrent_time_if_zero": false,
                    "send_num_newer_versions_if_zero": false,
                    "with_state": "ANY"
                  }
                ]
              }
            ],
            "location": "US-CENTRAL1",
            "logging": [],
            "name": "labs-prd-labs-logs",
            "project": "labs-prd",
            "project_number": 207478017187,
            "public_access_prevention": "inherited",
            "requester_pays": false,
            "retention_policy": [],
            "rpo": null,
            "self_link": "https://www.googleapis.com/storage/v1/b/labs-prd-labs-logs",
            "soft_delete_policy": [
              {
                "effective_time": "2025-10-20T02:26:06.585Z",
                "retention_duration_seconds": 604800
              }
            ],
            "storage_class": "STANDARD",
            "terraform_labels": {},
            "timeouts": null,
            "uniform_bucket_level_access": true,
            "url": "gs://labs-prd-labs-logs",
            "versioning": [],
            "website": []
          },
          "sensitive_attributes": [],
          "private": "eyJlMmJmYjczMC1lY2FhLTExZTYtOGY4OC0zNDM2M2JjN2M0YzAiOnsiY3JlYXRlIjo2MDAwMDAwMDAwMDAsInJlYWQiOjI0MDAwMDAwMDAwMCwidXBkYXRlIjoyNDAwMDAwMDAwMDB9LCJzY2hlbWFfdmVyc2lvbiI6IjIifQ==",
          "dependencies": [
            "google_project_service.required_apis"
          ]
        }
      ]
    },
    {
      "mode": "managed",
      "type": "google_vpc_access_connector",
      "name": "labs_connector",
      "provider": "provider[\"registry.terraform.io/hashicorp/google\"]",
      "instances": [
        {
          "schema_version": 0,
          "attributes": {
            "connected_projects": [],
            "id": "projects/labs-prd/locations/us-central1/connectors/labs-connector",
            "ip_cidr_range": "10.8.0.0/28",
            "machine_type": "e2-micro",
            "max_instances": 3,
            "max_throughput": 300,
            "min_instances": 2,
            "min_throughput": 200,
            "name": "labs-connector",
            "network": "default",
            "project": "labs-prd",
            "region": "us-central1",
            "self_link": "projects/labs-prd/locations/us-central1/connectors/labs-connector",
            "state": "READY",
            "subnet": [],
            "timeouts": null
          },
          "sensitive_attributes": [],
          "private": "eyJlMmJmYjczMC1lY2FhLTExZTYtOGY4OC0zNDM2M2JjN2M0YzAiOnsiY3JlYXRlIjoxMjAwMDAwMDAwMDAwLCJkZWxldGUiOjEyMDAwMDAwMDAwMDB9fQ==",
          "dependencies": [
            "google_project_service.required_apis"
          ]
        }
      ]
    }
  ],
  "check_results": null
}
