{
    "name": "stego-generator",
    "version": "1.0.0",
    "lockfileVersion": 3,
    "requires": true,
    "packages": {
        "": {
            "name": "stego-generator",
            "version": "1.0.0",
            "dependencies": {
                "decode-ico": "^0.4.1",
                "png-to-ico": "^2.1.8",
                "pngjs": "^6.0.0"
            }
        },
        "node_modules/@canvas/image-data": {
            "version": "1.1.0",
            "resolved": "https://registry.npmjs.org/@canvas/image-data/-/image-data-1.1.0.tgz",
            "integrity": "sha512-QdObRRjRbcXGmM1tmJ+MrHcaz1MftF2+W7YI+MsphnsCrmtyfS0d5qJbk0MeSbUeyM/jCb0hmnkXPsy026L7dA=="
        },
        "node_modules/@types/node": {
            "version": "17.0.45",
            "resolved": "https://registry.npmjs.org/@types/node/-/node-17.0.45.tgz",
            "integrity": "sha512-w+tIMs3rq2afQdsPJlODhoUEKzFP1ayaoyl1CcnwtIlsVe7K7bA1NGm4s3PraqTLlXnbIN84zuBlxBWo1u9BLw=="
        },
        "node_modules/decode-bmp": {
            "version": "0.2.1",
            "resolved": "https://registry.npmjs.org/decode-bmp/-/decode-bmp-0.2.1.tgz",
            "integrity": "sha512-NiOaGe+GN0KJqi2STf24hfMkFitDUaIoUU3eKvP/wAbLe8o6FuW5n/x7MHPR0HKvBokp6MQY/j7w8lewEeVCIA==",
            "dependencies": {
                "@canvas/image-data": "^1.0.0",
                "to-data-view": "^1.1.0"
            },
            "engines": {
                "node": ">=8.6.0"
            }
        },
        "node_modules/decode-ico": {
            "version": "0.4.1",
            "resolved": "https://registry.npmjs.org/decode-ico/-/decode-ico-0.4.1.tgz",
            "integrity": "sha512-69NZfbKIzux1vBOd31al3XnMnH+2mqDhEgLdpygErm4d60N+UwA5Sq5WFjmEDQzumgB9fElojGwWG0vybVfFmA==",
            "dependencies": {
                "@canvas/image-data": "^1.0.0",
                "decode-bmp": "^0.2.0",
                "to-data-view": "^1.1.0"
            },
            "engines": {
                "node": ">=8.6"
            }
        },
        "node_modules/minimist": {
            "version": "1.2.8",
            "resolved": "https://registry.npmjs.org/minimist/-/minimist-1.2.8.tgz",
            "integrity": "sha512-2yyAR8qBkN3YuheJanUpWC5U3bb5osDywNB8RzDVlDwDHbocAJveqqj1u8+SVD7jkWT4yvsHCpWqqWqAxb0zCA==",
            "funding": {
                "url": "https://github.com/sponsors/ljharb"
            }
        },
        "node_modules/png-to-ico": {
            "version": "2.1.8",
            "resolved": "https://registry.npmjs.org/png-to-ico/-/png-to-ico-2.1.8.tgz",
            "integrity": "sha512-Nf+IIn/cZ/DIZVdGveJp86NG5uNib1ZXMiDd/8x32HCTeKSvgpyg6D/6tUBn1QO/zybzoMK0/mc3QRgAyXdv9w==",
            "dependencies": {
                "@types/node": "^17.0.36",
                "minimist": "^1.2.6",
                "pngjs": "^6.0.0"
            },
            "bin": {
                "png-to-ico": "bin/cli.js"
            },
            "engines": {
                "node": ">=8"
            }
        },
        "node_modules/pngjs": {
            "version": "6.0.0",
            "resolved": "https://registry.npmjs.org/pngjs/-/pngjs-6.0.0.tgz",
            "integrity": "sha512-TRzzuFRRmEoSW/p1KVAmiOgPco2Irlah+bGFCeNfJXxxYGwSw7YwAOAcd7X28K/m5bjBWKsC29KyoMfHbypayg==",
            "engines": {
                "node": ">=12.13.0"
            }
        },
        "node_modules/to-data-view": {
            "version": "1.1.0",
            "resolved": "https://registry.npmjs.org/to-data-view/-/to-data-view-1.1.0.tgz",
            "integrity": "sha512-1eAdufMg6mwgmlojAx3QeMnzB/BTVp7Tbndi3U7ftcT2zCZadjxkkmLmd97zmaxWi+sgGcgWrokmpEoy0Dn0vQ=="
        }
    }
}
